// !$*UTF8*$!
{
	archiveVersion = 1;
	classes = {
	};
	objectVersion = 51;
	objects = {

/* Begin PBXBuildFile section */
		0A51061BADA8DB3C08F596B8 /* AppDelegate.swift in Sources */ = {isa = PBXBuildFile; fileRef = 8FD0CC89D470ACC428DEFEFA /* AppDelegate.swift */; };
		0B4550801D3CDEB7DC0EA83B /* FirebaseSession.swift in Sources */ = {isa = PBXBuildFile; fileRef = 1AD2C3CDBF1514B17C528BDA /* FirebaseSession.swift */; };
		0D19D2619D1C96B1C8618E72 /* Preview Assets.xcassets in Resources */ = {isa = PBXBuildFile; fileRef = 6C8B45C4EF59222082ABF01F /* Preview Assets.xcassets */; };
		1B6E75B66F0AE68BDD8635BF /* ListView.swift in Sources */ = {isa = PBXBuildFile; fileRef = 3B99E0ED3BBF61E5012837E0 /* ListView.swift */; };
		224A13D3E20671935ED58B53 /* HomeView.swift in Sources */ = {isa = PBXBuildFile; fileRef = B1250226DF58F344926B50DB /* HomeView.swift */; };
		3EF60BB9A2FE0A466F784B33 /* Assets.xcassets in Resources */ = {isa = PBXBuildFile; fileRef = C035E3D302545160476DD9E8 /* Assets.xcassets */; };
		42457EFDBEFD761FB0746FE6 /* GoogleService-Info.plist in Resources */ = {isa = PBXBuildFile; fileRef = DDA489194235C22374456E59 /* GoogleService-Info.plist */; };
		441B71DA978B9E4BD97C9BDC /* ListViewMap.swift in Sources */ = {isa = PBXBuildFile; fileRef = D76C719A0FC7BCC2479900B7 /* ListViewMap.swift */; };
		44F52FBCC302737E4CB91AC8 /* ProfileView.swift in Sources */ = {isa = PBXBuildFile; fileRef = E9F5677A0E8235FE6BA31406 /* ProfileView.swift */; };
		4A0C52E4BB7167ACF0A2DC85 /* PermissionView.swift in Sources */ = {isa = PBXBuildFile; fileRef = 2D13E5B94AB7216B3F1D35E9 /* PermissionView.swift */; };
		4F9F638874879402A6D03D85 /* Tag.swift in Sources */ = {isa = PBXBuildFile; fileRef = DB707E13428FAD3F94569018 /* Tag.swift */; };
		5D18560943229AB821DB993E /* SignUpView.swift in Sources */ = {isa = PBXBuildFile; fileRef = 5626085C5B57D3274917DE01 /* SignUpView.swift */; };
		68DB01CCFCA033EB4C87838F /* SceneDelegate.swift in Sources */ = {isa = PBXBuildFile; fileRef = BE017DF77BA777B8BB645768 /* SceneDelegate.swift */; };
		761F647AEF13712732BCDA0E /* List.swift in Sources */ = {isa = PBXBuildFile; fileRef = 59BC7D5E7BD2938FAA70030E /* List.swift */; };
		7A81645F890466B3F6B2F64F /* ListRow.swift in Sources */ = {isa = PBXBuildFile; fileRef = 97E883EED71A85BBA6F29FD6 /* ListRow.swift */; };
		87EF5C09A4396E2A2662A67C /* User.swift in Sources */ = {isa = PBXBuildFile; fileRef = 653B01B2AEBC6512809F08BE /* User.swift */; };
		96EFE5D5263613FA8832EED0 /* OnboardingView.swift in Sources */ = {isa = PBXBuildFile; fileRef = E412ACEE1C8FB26CCFCDD965 /* OnboardingView.swift */; };
		9A25D0015A00CC97DC639D66 /* LoginView.swift in Sources */ = {isa = PBXBuildFile; fileRef = 4B57E2F120AC66618B983493 /* LoginView.swift */; };
		A2BC4F9F8EAF8EC9C6A2DAC1 /* Pods_SpotUp.framework in Frameworks */ = {isa = PBXBuildFile; fileRef = A4C24561A5282692EB840528 /* Pods_SpotUp.framework */; };
		A30D8D9AB70C4D8A963B8DE2 /* CustomSearchBar.swift in Sources */ = {isa = PBXBuildFile; fileRef = 375E0DA85E5C10550830671D /* CustomSearchBar.swift */; };
		A7FF8130AC5F8193347B0569 /* ListViewList.swift in Sources */ = {isa = PBXBuildFile; fileRef = E0A926DE666E983D59CB7E8F /* ListViewList.swift */; };
		C028D45ADFE2B1199223D5BE /* LaunchScreen.storyboard in Resources */ = {isa = PBXBuildFile; fileRef = 2861698409F360FFEBCEA665 /* LaunchScreen.storyboard */; };
		CB50A666149A05E8CA8892C8 /* ContentView.swift in Sources */ = {isa = PBXBuildFile; fileRef = CC8CAE18CCCEAE1B1DD6A25E /* ContentView.swift */; };
		D4467BA740D6D15CE4C6AC6C /* TabBarView.swift in Sources */ = {isa = PBXBuildFile; fileRef = 7256E13DE0B24ABE6432B99D /* TabBarView.swift */; };
		E13194FEB5A8A38FEA904A85 /* SettingsView.swift in Sources */ = {isa = PBXBuildFile; fileRef = 2CFBD4540B7FFAC24F2DF819 /* SettingsView.swift */; };
		EC8C67CB7C21E35490C637F5 /* Location.swift in Sources */ = {isa = PBXBuildFile; fileRef = 74C268A209C257C81E66029D /* Location.swift */; };
/* End PBXBuildFile section */

/* Begin PBXFileReference section */
		1AD2C3CDBF1514B17C528BDA /* FirebaseSession.swift */ = {isa = PBXFileReference; lastKnownFileType = sourcecode.swift; path = FirebaseSession.swift; sourceTree = "<group>"; };
		20996200FBDA301DBC07D6E6 /* SpotUp.app */ = {isa = PBXFileReference; explicitFileType = wrapper.application; includeInIndex = 0; path = SpotUp.app; sourceTree = BUILT_PRODUCTS_DIR; };
		278A9A45F046CC3AEF2D83B3 /* Pods-SpotUp.release.xcconfig */ = {isa = PBXFileReference; includeInIndex = 1; lastKnownFileType = text.xcconfig; name = "Pods-SpotUp.release.xcconfig"; path = "Target Support Files/Pods-SpotUp/Pods-SpotUp.release.xcconfig"; sourceTree = "<group>"; };
		2B7A688AF676268478FE9D50 /* Base */ = {isa = PBXFileReference; lastKnownFileType = file.storyboard; name = Base; path = Base.lproj/LaunchScreen.storyboard; sourceTree = "<group>"; };
		2CFBD4540B7FFAC24F2DF819 /* SettingsView.swift */ = {isa = PBXFileReference; lastKnownFileType = sourcecode.swift; path = SettingsView.swift; sourceTree = "<group>"; };
		2D13E5B94AB7216B3F1D35E9 /* PermissionView.swift */ = {isa = PBXFileReference; lastKnownFileType = sourcecode.swift; path = PermissionView.swift; sourceTree = "<group>"; };
		375E0DA85E5C10550830671D /* CustomSearchBar.swift */ = {isa = PBXFileReference; lastKnownFileType = sourcecode.swift; path = CustomSearchBar.swift; sourceTree = "<group>"; };
		3B99E0ED3BBF61E5012837E0 /* ListView.swift */ = {isa = PBXFileReference; lastKnownFileType = sourcecode.swift; path = ListView.swift; sourceTree = "<group>"; };
		4B57E2F120AC66618B983493 /* LoginView.swift */ = {isa = PBXFileReference; lastKnownFileType = sourcecode.swift; path = LoginView.swift; sourceTree = "<group>"; };
		5626085C5B57D3274917DE01 /* SignUpView.swift */ = {isa = PBXFileReference; lastKnownFileType = sourcecode.swift; path = SignUpView.swift; sourceTree = "<group>"; };
		59BC7D5E7BD2938FAA70030E /* List.swift */ = {isa = PBXFileReference; lastKnownFileType = sourcecode.swift; path = List.swift; sourceTree = "<group>"; };
		64336CBEBA0FE487E8348CF7 /* Pods-SpotUp.debug.xcconfig */ = {isa = PBXFileReference; includeInIndex = 1; lastKnownFileType = text.xcconfig; name = "Pods-SpotUp.debug.xcconfig"; path = "Target Support Files/Pods-SpotUp/Pods-SpotUp.debug.xcconfig"; sourceTree = "<group>"; };
		653B01B2AEBC6512809F08BE /* User.swift */ = {isa = PBXFileReference; lastKnownFileType = sourcecode.swift; path = User.swift; sourceTree = "<group>"; };
		6C8B45C4EF59222082ABF01F /* Preview Assets.xcassets */ = {isa = PBXFileReference; lastKnownFileType = folder.assetcatalog; path = "Preview Assets.xcassets"; sourceTree = "<group>"; };
		7256E13DE0B24ABE6432B99D /* TabBarView.swift */ = {isa = PBXFileReference; lastKnownFileType = sourcecode.swift; path = TabBarView.swift; sourceTree = "<group>"; };
		74C268A209C257C81E66029D /* Location.swift */ = {isa = PBXFileReference; lastKnownFileType = sourcecode.swift; path = Location.swift; sourceTree = "<group>"; };
		8FD0CC89D470ACC428DEFEFA /* AppDelegate.swift */ = {isa = PBXFileReference; lastKnownFileType = sourcecode.swift; path = AppDelegate.swift; sourceTree = "<group>"; };
		917F0331D99F34CD132145C6 /* Info.plist */ = {isa = PBXFileReference; lastKnownFileType = text.plist; path = Info.plist; sourceTree = "<group>"; };
		97E883EED71A85BBA6F29FD6 /* ListRow.swift */ = {isa = PBXFileReference; lastKnownFileType = sourcecode.swift; path = ListRow.swift; sourceTree = "<group>"; };
		A4C24561A5282692EB840528 /* Pods_SpotUp.framework */ = {isa = PBXFileReference; explicitFileType = wrapper.framework; includeInIndex = 0; path = Pods_SpotUp.framework; sourceTree = BUILT_PRODUCTS_DIR; };
		B1250226DF58F344926B50DB /* HomeView.swift */ = {isa = PBXFileReference; lastKnownFileType = sourcecode.swift; path = HomeView.swift; sourceTree = "<group>"; };
		BE017DF77BA777B8BB645768 /* SceneDelegate.swift */ = {isa = PBXFileReference; lastKnownFileType = sourcecode.swift; path = SceneDelegate.swift; sourceTree = "<group>"; };
		C035E3D302545160476DD9E8 /* Assets.xcassets */ = {isa = PBXFileReference; lastKnownFileType = folder.assetcatalog; path = Assets.xcassets; sourceTree = "<group>"; };
		CC8CAE18CCCEAE1B1DD6A25E /* ContentView.swift */ = {isa = PBXFileReference; lastKnownFileType = sourcecode.swift; path = ContentView.swift; sourceTree = "<group>"; };
		D76C719A0FC7BCC2479900B7 /* ListViewMap.swift */ = {isa = PBXFileReference; lastKnownFileType = sourcecode.swift; path = ListViewMap.swift; sourceTree = "<group>"; };
		DB707E13428FAD3F94569018 /* Tag.swift */ = {isa = PBXFileReference; lastKnownFileType = sourcecode.swift; path = Tag.swift; sourceTree = "<group>"; };
		DDA489194235C22374456E59 /* GoogleService-Info.plist */ = {isa = PBXFileReference; lastKnownFileType = text.plist; path = "GoogleService-Info.plist"; sourceTree = "<group>"; };
		E0A926DE666E983D59CB7E8F /* ListViewList.swift */ = {isa = PBXFileReference; lastKnownFileType = sourcecode.swift; path = ListViewList.swift; sourceTree = "<group>"; };
		E412ACEE1C8FB26CCFCDD965 /* OnboardingView.swift */ = {isa = PBXFileReference; lastKnownFileType = sourcecode.swift; path = OnboardingView.swift; sourceTree = "<group>"; };
		E9F5677A0E8235FE6BA31406 /* ProfileView.swift */ = {isa = PBXFileReference; lastKnownFileType = sourcecode.swift; path = ProfileView.swift; sourceTree = "<group>"; };
/* End PBXFileReference section */

/* Begin PBXFrameworksBuildPhase section */
		3017D3BD49ACA7B01291EB08 /* Frameworks */ = {
			isa = PBXFrameworksBuildPhase;
			buildActionMask = 2147483647;
			files = (
				A2BC4F9F8EAF8EC9C6A2DAC1 /* Pods_SpotUp.framework in Frameworks */,
			);
			runOnlyForDeploymentPostprocessing = 0;
		};
/* End PBXFrameworksBuildPhase section */

/* Begin PBXGroup section */
		100BBB5B60E755070E790C95 /* Network */ = {
			isa = PBXGroup;
			children = (
				1AD2C3CDBF1514B17C528BDA /* FirebaseSession.swift */,
			);
			path = Network;
			sourceTree = "<group>";
		};
		113CB4A054012BEA4BB934BA = {
			isa = PBXGroup;
			children = (
				4BEE7B66267DD1A013196800 /* SpotUp */,
				B9044BBD484B7206ABFD03B1 /* Products */,
				B76D515B3907D61852D50A25 /* Pods */,
				5629F9B8C157613EABE10608 /* Frameworks */,
			);
			sourceTree = "<group>";
		};
		11B09CB1306FCBC64550681C /* Models */ = {
			isa = PBXGroup;
			children = (
				59BC7D5E7BD2938FAA70030E /* List.swift */,
				74C268A209C257C81E66029D /* Location.swift */,
				DB707E13428FAD3F94569018 /* Tag.swift */,
				653B01B2AEBC6512809F08BE /* User.swift */,
			);
			path = Models;
			sourceTree = "<group>";
		};
		4BEE7B66267DD1A013196800 /* SpotUp */ = {
			isa = PBXGroup;
			children = (
				8FD0CC89D470ACC428DEFEFA /* AppDelegate.swift */,
				C035E3D302545160476DD9E8 /* Assets.xcassets */,
				DDA489194235C22374456E59 /* GoogleService-Info.plist */,
				917F0331D99F34CD132145C6 /* Info.plist */,
				2861698409F360FFEBCEA665 /* LaunchScreen.storyboard */,
				BE017DF77BA777B8BB645768 /* SceneDelegate.swift */,
				595A909BF4ED4A2C560DF256 /* Components */,
				11B09CB1306FCBC64550681C /* Models */,
				100BBB5B60E755070E790C95 /* Network */,
				77AB5D960F903D28DB85720B /* Preview Content */,
				D30D44076FAED5B8403CFFD2 /* Views */,
			);
			path = SpotUp;
			sourceTree = "<group>";
		};
		5629F9B8C157613EABE10608 /* Frameworks */ = {
			isa = PBXGroup;
			children = (
				A4C24561A5282692EB840528 /* Pods_SpotUp.framework */,
			);
			name = Frameworks;
			sourceTree = "<group>";
		};
		595A909BF4ED4A2C560DF256 /* Components */ = {
			isa = PBXGroup;
			children = (
				375E0DA85E5C10550830671D /* CustomSearchBar.swift */,
				97E883EED71A85BBA6F29FD6 /* ListRow.swift */,
			);
			path = Components;
			sourceTree = "<group>";
		};
		77AB5D960F903D28DB85720B /* Preview Content */ = {
			isa = PBXGroup;
			children = (
				6C8B45C4EF59222082ABF01F /* Preview Assets.xcassets */,
			);
			path = "Preview Content";
			sourceTree = "<group>";
		};
		B76D515B3907D61852D50A25 /* Pods */ = {
			isa = PBXGroup;
			children = (
				64336CBEBA0FE487E8348CF7 /* Pods-SpotUp.debug.xcconfig */,
				278A9A45F046CC3AEF2D83B3 /* Pods-SpotUp.release.xcconfig */,
			);
			path = Pods;
			sourceTree = "<group>";
		};
		B9044BBD484B7206ABFD03B1 /* Products */ = {
			isa = PBXGroup;
			children = (
				20996200FBDA301DBC07D6E6 /* SpotUp.app */,
			);
			name = Products;
			sourceTree = "<group>";
		};
		D30D44076FAED5B8403CFFD2 /* Views */ = {
			isa = PBXGroup;
			children = (
				CC8CAE18CCCEAE1B1DD6A25E /* ContentView.swift */,
				B1250226DF58F344926B50DB /* HomeView.swift */,
				3B99E0ED3BBF61E5012837E0 /* ListView.swift */,
				E0A926DE666E983D59CB7E8F /* ListViewList.swift */,
				D76C719A0FC7BCC2479900B7 /* ListViewMap.swift */,
				4B57E2F120AC66618B983493 /* LoginView.swift */,
				E412ACEE1C8FB26CCFCDD965 /* OnboardingView.swift */,
				2D13E5B94AB7216B3F1D35E9 /* PermissionView.swift */,
				E9F5677A0E8235FE6BA31406 /* ProfileView.swift */,
				2CFBD4540B7FFAC24F2DF819 /* SettingsView.swift */,
				5626085C5B57D3274917DE01 /* SignUpView.swift */,
				7256E13DE0B24ABE6432B99D /* TabBarView.swift */,
			);
			path = Views;
			sourceTree = "<group>";
		};
/* End PBXGroup section */

/* Begin PBXNativeTarget section */
		059F05A4783B3D0E6E0AA625 /* SpotUp */ = {
			isa = PBXNativeTarget;
			buildConfigurationList = 17D935FF77C7DB1BFA460DC0 /* Build configuration list for PBXNativeTarget "SpotUp" */;
			buildPhases = (
				1EBE88DDD2A52798819F6A9D /* [CP] Check Pods Manifest.lock */,
				A2F8F037DD0D8DA5919E4031 /* Sources */,
				DAF87A1E7C03DA4C17223838 /* Resources */,
				3017D3BD49ACA7B01291EB08 /* Frameworks */,
				56A675419049331063EE3B2F /* [CP] Embed Pods Frameworks */,
				CE5E07B153DCAE6AD2C99A83 /* [CP] Copy Pods Resources */,
			);
			buildRules = (
			);
			dependencies = (
			);
			name = SpotUp;
			productName = SpotUp;
			productReference = 20996200FBDA301DBC07D6E6 /* SpotUp.app */;
			productType = "com.apple.product-type.application";
		};
/* End PBXNativeTarget section */

/* Begin PBXProject section */
		BAD16ED8F30D209E433340E9 /* Project object */ = {
			isa = PBXProject;
			attributes = {
				LastUpgradeCheck = 1020;
			};
			buildConfigurationList = 16225EE134EDA3A254A1790C /* Build configuration list for PBXProject "SpotUp" */;
			compatibilityVersion = "Xcode 10.0";
			developmentRegion = en;
			hasScannedForEncodings = 0;
			knownRegions = (
				en,
				Base,
			);
			mainGroup = 113CB4A054012BEA4BB934BA;
			productRefGroup = B9044BBD484B7206ABFD03B1 /* Products */;
			projectDirPath = "";
			projectRoot = "";
			targets = (
				059F05A4783B3D0E6E0AA625 /* SpotUp */,
			);
		};
/* End PBXProject section */

/* Begin PBXResourcesBuildPhase section */
		DAF87A1E7C03DA4C17223838 /* Resources */ = {
			isa = PBXResourcesBuildPhase;
			buildActionMask = 2147483647;
			files = (
				3EF60BB9A2FE0A466F784B33 /* Assets.xcassets in Resources */,
				42457EFDBEFD761FB0746FE6 /* GoogleService-Info.plist in Resources */,
				C028D45ADFE2B1199223D5BE /* LaunchScreen.storyboard in Resources */,
				0D19D2619D1C96B1C8618E72 /* Preview Assets.xcassets in Resources */,
			);
			runOnlyForDeploymentPostprocessing = 0;
		};
/* End PBXResourcesBuildPhase section */

/* Begin PBXShellScriptBuildPhase section */
		1EBE88DDD2A52798819F6A9D /* [CP] Check Pods Manifest.lock */ = {
			isa = PBXShellScriptBuildPhase;
			buildActionMask = 2147483647;
			files = (
			);
			inputFileListPaths = (
			);
			inputPaths = (
				"${PODS_PODFILE_DIR_PATH}/Podfile.lock",
				"${PODS_ROOT}/Manifest.lock",
			);
			name = "[CP] Check Pods Manifest.lock";
			outputFileListPaths = (
			);
			outputPaths = (
				"$(DERIVED_FILE_DIR)/Pods-SpotUp-checkManifestLockResult.txt",
			);
			runOnlyForDeploymentPostprocessing = 0;
			shellPath = /bin/sh;
			shellScript = "diff \"${PODS_PODFILE_DIR_PATH}/Podfile.lock\" \"${PODS_ROOT}/Manifest.lock\" > /dev/null\nif [ $? != 0 ] ; then\n    # print error to STDERR\n    echo \"error: The sandbox is not in sync with the Podfile.lock. Run 'pod install' or update your CocoaPods installation.\" >&2\n    exit 1\nfi\n# This output is used by Xcode 'outputs' to avoid re-running this script phase.\necho \"SUCCESS\" > \"${SCRIPT_OUTPUT_FILE_0}\"\n";
			showEnvVarsInLog = 0;
		};
		56A675419049331063EE3B2F /* [CP] Embed Pods Frameworks */ = {
			isa = PBXShellScriptBuildPhase;
			buildActionMask = 2147483647;
			files = (
			);
			inputFileListPaths = (
				"${PODS_ROOT}/Target Support Files/Pods-SpotUp/Pods-SpotUp-frameworks-${CONFIGURATION}-input-files.xcfilelist",
			);
			name = "[CP] Embed Pods Frameworks";
			outputFileListPaths = (
				"${PODS_ROOT}/Target Support Files/Pods-SpotUp/Pods-SpotUp-frameworks-${CONFIGURATION}-output-files.xcfilelist",
			);
			runOnlyForDeploymentPostprocessing = 0;
			shellPath = /bin/sh;
			shellScript = "\"${PODS_ROOT}/Target Support Files/Pods-SpotUp/Pods-SpotUp-frameworks.sh\"\n";
			showEnvVarsInLog = 0;
		};
		CE5E07B153DCAE6AD2C99A83 /* [CP] Copy Pods Resources */ = {
			isa = PBXShellScriptBuildPhase;
			buildActionMask = 2147483647;
			files = (
			);
			inputFileListPaths = (
				"${PODS_ROOT}/Target Support Files/Pods-SpotUp/Pods-SpotUp-resources-${CONFIGURATION}-input-files.xcfilelist",
			);
			name = "[CP] Copy Pods Resources";
			outputFileListPaths = (
				"${PODS_ROOT}/Target Support Files/Pods-SpotUp/Pods-SpotUp-resources-${CONFIGURATION}-output-files.xcfilelist",
			);
			runOnlyForDeploymentPostprocessing = 0;
			shellPath = /bin/sh;
			shellScript = "\"${PODS_ROOT}/Target Support Files/Pods-SpotUp/Pods-SpotUp-resources.sh\"\n";
			showEnvVarsInLog = 0;
		};
/* End PBXShellScriptBuildPhase section */

/* Begin PBXSourcesBuildPhase section */
		A2F8F037DD0D8DA5919E4031 /* Sources */ = {
			isa = PBXSourcesBuildPhase;
			buildActionMask = 2147483647;
			files = (
				0A51061BADA8DB3C08F596B8 /* AppDelegate.swift in Sources */,
				CB50A666149A05E8CA8892C8 /* ContentView.swift in Sources */,
				A30D8D9AB70C4D8A963B8DE2 /* CustomSearchBar.swift in Sources */,
				0B4550801D3CDEB7DC0EA83B /* FirebaseSession.swift in Sources */,
				224A13D3E20671935ED58B53 /* HomeView.swift in Sources */,
				761F647AEF13712732BCDA0E /* List.swift in Sources */,
				7A81645F890466B3F6B2F64F /* ListRow.swift in Sources */,
				1B6E75B66F0AE68BDD8635BF /* ListView.swift in Sources */,
				A7FF8130AC5F8193347B0569 /* ListViewList.swift in Sources */,
				441B71DA978B9E4BD97C9BDC /* ListViewMap.swift in Sources */,
				EC8C67CB7C21E35490C637F5 /* Location.swift in Sources */,
				9A25D0015A00CC97DC639D66 /* LoginView.swift in Sources */,
				96EFE5D5263613FA8832EED0 /* OnboardingView.swift in Sources */,
				4A0C52E4BB7167ACF0A2DC85 /* PermissionView.swift in Sources */,
				44F52FBCC302737E4CB91AC8 /* ProfileView.swift in Sources */,
				68DB01CCFCA033EB4C87838F /* SceneDelegate.swift in Sources */,
				E13194FEB5A8A38FEA904A85 /* SettingsView.swift in Sources */,
				5D18560943229AB821DB993E /* SignUpView.swift in Sources */,
				D4467BA740D6D15CE4C6AC6C /* TabBarView.swift in Sources */,
				4F9F638874879402A6D03D85 /* Tag.swift in Sources */,
				87EF5C09A4396E2A2662A67C /* User.swift in Sources */,
			);
			runOnlyForDeploymentPostprocessing = 0;
		};
/* End PBXSourcesBuildPhase section */

/* Begin PBXVariantGroup section */
		2861698409F360FFEBCEA665 /* LaunchScreen.storyboard */ = {
			isa = PBXVariantGroup;
			children = (
				2B7A688AF676268478FE9D50 /* Base */,
			);
			name = LaunchScreen.storyboard;
			sourceTree = "<group>";
		};
/* End PBXVariantGroup section */

/* Begin XCBuildConfiguration section */
		0A0F86929AA8A42E4E040811 /* Debug */ = {
			isa = XCBuildConfiguration;
			baseConfigurationReference = 64336CBEBA0FE487E8348CF7 /* Pods-SpotUp.debug.xcconfig */;
			buildSettings = {
				ASSETCATALOG_COMPILER_APPICON_NAME = AppIcon;
				CODE_SIGN_IDENTITY = "iPhone Developer";
				DEVELOPMENT_TEAM = 42HBE7MJL2;
				INFOPLIST_FILE = SpotUp/Info.plist;
				IPHONEOS_DEPLOYMENT_TARGET = 13.2;
				LD_RUNPATH_SEARCH_PATHS = (
					"$(inherited)",
					"@executable_path/Frameworks",
				);
				PRODUCT_BUNDLE_IDENTIFIER = com.lmu.1920.ios.group7.SpotUp;
				SDKROOT = iphoneos;
				TARGETED_DEVICE_FAMILY = "1,2";
			};
			name = Debug;
		};
		3D046F3E22EACE62B6C9E2DD /* Release */ = {
			isa = XCBuildConfiguration;
			baseConfigurationReference = 278A9A45F046CC3AEF2D83B3 /* Pods-SpotUp.release.xcconfig */;
			buildSettings = {
				ASSETCATALOG_COMPILER_APPICON_NAME = AppIcon;
				CODE_SIGN_IDENTITY = "iPhone Developer";
				DEVELOPMENT_TEAM = 42HBE7MJL2;
				INFOPLIST_FILE = SpotUp/Info.plist;
				IPHONEOS_DEPLOYMENT_TARGET = 13.2;
				LD_RUNPATH_SEARCH_PATHS = (
					"$(inherited)",
					"@executable_path/Frameworks",
				);
				PRODUCT_BUNDLE_IDENTIFIER = com.lmu.1920.ios.group7.SpotUp;
				SDKROOT = iphoneos;
				TARGETED_DEVICE_FAMILY = "1,2";
			};
			name = Release;
		};
		B705643D11F82DF2D4BB334A /* Debug */ = {
			isa = XCBuildConfiguration;
			buildSettings = {
				ALWAYS_SEARCH_USER_PATHS = NO;
				CLANG_ANALYZER_NONNULL = YES;
				CLANG_ANALYZER_NUMBER_OBJECT_CONVERSION = YES_AGGRESSIVE;
				CLANG_CXX_LANGUAGE_STANDARD = "gnu++14";
				CLANG_CXX_LIBRARY = "libc++";
				CLANG_ENABLE_MODULES = YES;
				CLANG_ENABLE_OBJC_ARC = YES;
				CLANG_WARN_BLOCK_CAPTURE_AUTORELEASING = YES;
				CLANG_WARN_BOOL_CONVERSION = YES;
				CLANG_WARN_COMMA = YES;
				CLANG_WARN_CONSTANT_CONVERSION = YES;
				CLANG_WARN_DEPRECATED_OBJC_IMPLEMENTATIONS = YES;
				CLANG_WARN_DIRECT_OBJC_ISA_USAGE = YES_ERROR;
				CLANG_WARN_DOCUMENTATION_COMMENTS = YES;
				CLANG_WARN_EMPTY_BODY = YES;
				CLANG_WARN_ENUM_CONVERSION = YES;
				CLANG_WARN_INFINITE_RECURSION = YES;
				CLANG_WARN_INT_CONVERSION = YES;
				CLANG_WARN_NON_LITERAL_NULL_CONVERSION = YES;
				CLANG_WARN_OBJC_IMPLICIT_RETAIN_SELF = YES;
				CLANG_WARN_OBJC_LITERAL_CONVERSION = YES;
				CLANG_WARN_OBJC_ROOT_CLASS = YES_ERROR;
				CLANG_WARN_RANGE_LOOP_ANALYSIS = YES;
				CLANG_WARN_STRICT_PROTOTYPES = YES;
				CLANG_WARN_SUSPICIOUS_MOVE = YES;
				CLANG_WARN_UNGUARDED_AVAILABILITY = YES_AGGRESSIVE;
				CLANG_WARN_UNREACHABLE_CODE = YES;
				CLANG_WARN__DUPLICATE_METHOD_MATCH = YES;
				COPY_PHASE_STRIP = NO;
				DEBUG_INFORMATION_FORMAT = dwarf;
				ENABLE_STRICT_OBJC_MSGSEND = YES;
				ENABLE_TESTABILITY = YES;
				GCC_C_LANGUAGE_STANDARD = gnu11;
				GCC_DYNAMIC_NO_PIC = NO;
				GCC_NO_COMMON_BLOCKS = YES;
				GCC_OPTIMIZATION_LEVEL = 0;
				GCC_PREPROCESSOR_DEFINITIONS = (
					"$(inherited)",
					"DEBUG=1",
				);
				GCC_WARN_64_TO_32_BIT_CONVERSION = YES;
				GCC_WARN_ABOUT_RETURN_TYPE = YES_ERROR;
				GCC_WARN_UNDECLARED_SELECTOR = YES;
				GCC_WARN_UNINITIALIZED_AUTOS = YES_AGGRESSIVE;
				GCC_WARN_UNUSED_FUNCTION = YES;
				GCC_WARN_UNUSED_VARIABLE = YES;
				IPHONEOS_DEPLOYMENT_TARGET = 13.2;
				MTL_ENABLE_DEBUG_INFO = YES;
				ONLY_ACTIVE_ARCH = YES;
				PRODUCT_NAME = "$(TARGET_NAME)";
				SDKROOT = iphoneos;
				SWIFT_ACTIVE_COMPILATION_CONDITIONS = DEBUG;
				SWIFT_OPTIMIZATION_LEVEL = "-Onone";
				SWIFT_VERSION = 5.0;
			};
			name = Debug;
		};
		B91D27AD40724D8A4E9ECB04 /* Release */ = {
			isa = XCBuildConfiguration;
			buildSettings = {
				ALWAYS_SEARCH_USER_PATHS = NO;
				CLANG_ANALYZER_NONNULL = YES;
				CLANG_ANALYZER_NUMBER_OBJECT_CONVERSION = YES_AGGRESSIVE;
				CLANG_CXX_LANGUAGE_STANDARD = "gnu++14";
				CLANG_CXX_LIBRARY = "libc++";
				CLANG_ENABLE_MODULES = YES;
				CLANG_ENABLE_OBJC_ARC = YES;
				CLANG_WARN_BLOCK_CAPTURE_AUTORELEASING = YES;
				CLANG_WARN_BOOL_CONVERSION = YES;
				CLANG_WARN_COMMA = YES;
				CLANG_WARN_CONSTANT_CONVERSION = YES;
				CLANG_WARN_DEPRECATED_OBJC_IMPLEMENTATIONS = YES;
				CLANG_WARN_DIRECT_OBJC_ISA_USAGE = YES_ERROR;
				CLANG_WARN_DOCUMENTATION_COMMENTS = YES;
				CLANG_WARN_EMPTY_BODY = YES;
				CLANG_WARN_ENUM_CONVERSION = YES;
				CLANG_WARN_INFINITE_RECURSION = YES;
				CLANG_WARN_INT_CONVERSION = YES;
				CLANG_WARN_NON_LITERAL_NULL_CONVERSION = YES;
				CLANG_WARN_OBJC_IMPLICIT_RETAIN_SELF = YES;
				CLANG_WARN_OBJC_LITERAL_CONVERSION = YES;
				CLANG_WARN_OBJC_ROOT_CLASS = YES_ERROR;
				CLANG_WARN_RANGE_LOOP_ANALYSIS = YES;
				CLANG_WARN_STRICT_PROTOTYPES = YES;
				CLANG_WARN_SUSPICIOUS_MOVE = YES;
				CLANG_WARN_UNGUARDED_AVAILABILITY = YES_AGGRESSIVE;
				CLANG_WARN_UNREACHABLE_CODE = YES;
				CLANG_WARN__DUPLICATE_METHOD_MATCH = YES;
				COPY_PHASE_STRIP = NO;
				DEBUG_INFORMATION_FORMAT = "dwarf-with-dsym";
				ENABLE_NS_ASSERTIONS = NO;
				ENABLE_STRICT_OBJC_MSGSEND = YES;
				GCC_C_LANGUAGE_STANDARD = gnu11;
				GCC_NO_COMMON_BLOCKS = YES;
				GCC_WARN_64_TO_32_BIT_CONVERSION = YES;
				GCC_WARN_ABOUT_RETURN_TYPE = YES_ERROR;
				GCC_WARN_UNDECLARED_SELECTOR = YES;
				GCC_WARN_UNINITIALIZED_AUTOS = YES_AGGRESSIVE;
				GCC_WARN_UNUSED_FUNCTION = YES;
				GCC_WARN_UNUSED_VARIABLE = YES;
				IPHONEOS_DEPLOYMENT_TARGET = 13.2;
				PRODUCT_NAME = "$(TARGET_NAME)";
				SDKROOT = iphoneos;
				SWIFT_COMPILATION_MODE = wholemodule;
				SWIFT_VERSION = 5.0;
				VALIDATE_PRODUCT = YES;
			};
			name = Release;
		};
/* End XCBuildConfiguration section */

/* Begin XCConfigurationList section */
		16225EE134EDA3A254A1790C /* Build configuration list for PBXProject "SpotUp" */ = {
			isa = XCConfigurationList;
			buildConfigurations = (
				B705643D11F82DF2D4BB334A /* Debug */,
				B91D27AD40724D8A4E9ECB04 /* Release */,
			);
			defaultConfigurationIsVisible = 0;
			defaultConfigurationName = Debug;
		};
		17D935FF77C7DB1BFA460DC0 /* Build configuration list for PBXNativeTarget "SpotUp" */ = {
			isa = XCConfigurationList;
			buildConfigurations = (
				0A0F86929AA8A42E4E040811 /* Debug */,
				3D046F3E22EACE62B6C9E2DD /* Release */,
			);
			defaultConfigurationIsVisible = 0;
			defaultConfigurationName = "";
		};
/* End XCConfigurationList section */
	};
	rootObject = BAD16ED8F30D209E433340E9 /* Project object */;
}
