// !$*UTF8*$!
{
	archiveVersion = 1;
	classes = {
	};
	objectVersion = 51;
	objects = {

/* Begin PBXBuildFile section */
		092D9601141463271EC61D33 /* Pods_SpotUpTests.framework in Frameworks */ = {isa = PBXBuildFile; fileRef = 54557D8121CD216E7B6D4D4A /* Pods_SpotUpTests.framework */; };
		2FAE2A552399753A00071AF0 /* ListComponent.swift in Sources */ = {isa = PBXBuildFile; fileRef = 2FAE2A542399753A00071AF0 /* ListComponent.swift */; };
		2FAE2A58239975B100071AF0 /* ItemContentView.swift in Sources */ = {isa = PBXBuildFile; fileRef = 2FAE2A57239975B100071AF0 /* ItemContentView.swift */; };
		2FAE2A5D2399764800071AF0 /* DummieLocationData.swift in Sources */ = {isa = PBXBuildFile; fileRef = 2FAE2A5C2399764800071AF0 /* DummieLocationData.swift */; };
		2FAE2A5F239976E800071AF0 /* ItemMapView.swift in Sources */ = {isa = PBXBuildFile; fileRef = 2FAE2A5E239976E800071AF0 /* ItemMapView.swift */; };
		2FAE2A612399772500071AF0 /* ItemImageView.swift in Sources */ = {isa = PBXBuildFile; fileRef = 2FAE2A602399772500071AF0 /* ItemImageView.swift */; };
		2FAE2A70239977DC00071AF0 /* chincoteague.jpg in Resources */ = {isa = PBXBuildFile; fileRef = 2FAE2A63239977C000071AF0 /* chincoteague.jpg */; };
		2FAE2A71239977DC00071AF0 /* hiddenlake.jpg in Resources */ = {isa = PBXBuildFile; fileRef = 2FAE2A64239977C300071AF0 /* hiddenlake.jpg */; };
		2FAE2A72239977DC00071AF0 /* silversalmoncreek.jpg in Resources */ = {isa = PBXBuildFile; fileRef = 2FAE2A65239977C500071AF0 /* silversalmoncreek.jpg */; };
		2FAE2A73239977DC00071AF0 /* landmarkData.json in Resources */ = {isa = PBXBuildFile; fileRef = 2FAE2A66239977C800071AF0 /* landmarkData.json */; };
		2FAE2A74239977DC00071AF0 /* umbagog.jpg in Resources */ = {isa = PBXBuildFile; fileRef = 2FAE2A67239977CA00071AF0 /* umbagog.jpg */; };
		2FAE2A75239977DC00071AF0 /* rainbowlake.jpg in Resources */ = {isa = PBXBuildFile; fileRef = 2FAE2A68239977CC00071AF0 /* rainbowlake.jpg */; };
		2FAE2A76239977DC00071AF0 /* chilkoottrail.jpg in Resources */ = {isa = PBXBuildFile; fileRef = 2FAE2A69239977CF00071AF0 /* chilkoottrail.jpg */; };
		2FAE2A77239977DC00071AF0 /* lakemcdonald.jpg in Resources */ = {isa = PBXBuildFile; fileRef = 2FAE2A6A239977D200071AF0 /* lakemcdonald.jpg */; };
		2FAE2A78239977DC00071AF0 /* charleyrivers.jpg in Resources */ = {isa = PBXBuildFile; fileRef = 2FAE2A6B239977D400071AF0 /* charleyrivers.jpg */; };
		2FAE2A79239977DC00071AF0 /* turtlerock.jpg in Resources */ = {isa = PBXBuildFile; fileRef = 2FAE2A6C239977D600071AF0 /* turtlerock.jpg */; };
		2FAE2A7A239977DC00071AF0 /* stmarylake.jpg in Resources */ = {isa = PBXBuildFile; fileRef = 2FAE2A6D239977D800071AF0 /* stmarylake.jpg */; };
		2FAE2A7B239977DC00071AF0 /* icybay.jpg in Resources */ = {isa = PBXBuildFile; fileRef = 2FAE2A6E239977DA00071AF0 /* icybay.jpg */; };
		2FAE2A7C239977DC00071AF0 /* twinlake.jpg in Resources */ = {isa = PBXBuildFile; fileRef = 2FAE2A6F239977DC00071AF0 /* twinlake.jpg */; };
		6FB0E5B1E0E05D24F32001E8 /* Pods_SpotUp.framework in Frameworks */ = {isa = PBXBuildFile; fileRef = 0D80AAE63C883B774FDA1E89 /* Pods_SpotUp.framework */; };
		A639992645919CC44A6E2098 /* Pods_SpotUp_SpotUpUITests.framework in Frameworks */ = {isa = PBXBuildFile; fileRef = 5E205B9381D29E5CD6ACBDE6 /* Pods_SpotUp_SpotUpUITests.framework */; };
		A697DF702386FA1500E50A38 /* CustomSearchBar.swift in Sources */ = {isa = PBXBuildFile; fileRef = A697DF6F2386FA1500E50A38 /* CustomSearchBar.swift */; };
		CE28481623846C8400A2EBE5 /* TabBarView.swift in Sources */ = {isa = PBXBuildFile; fileRef = CE28481523846C8400A2EBE5 /* TabBarView.swift */; };
		CE400E97237DD43D0060FC64 /* AppDelegate.swift in Sources */ = {isa = PBXBuildFile; fileRef = CE400E96237DD43D0060FC64 /* AppDelegate.swift */; };
		CE400E99237DD43D0060FC64 /* SceneDelegate.swift in Sources */ = {isa = PBXBuildFile; fileRef = CE400E98237DD43D0060FC64 /* SceneDelegate.swift */; };
		CE400E9B237DD43D0060FC64 /* ContentView.swift in Sources */ = {isa = PBXBuildFile; fileRef = CE400E9A237DD43D0060FC64 /* ContentView.swift */; };
		CE400E9D237DD43F0060FC64 /* Assets.xcassets in Resources */ = {isa = PBXBuildFile; fileRef = CE400E9C237DD43F0060FC64 /* Assets.xcassets */; };
		CE400EA0237DD43F0060FC64 /* Preview Assets.xcassets in Resources */ = {isa = PBXBuildFile; fileRef = CE400E9F237DD43F0060FC64 /* Preview Assets.xcassets */; };
		CE400EA3237DD43F0060FC64 /* LaunchScreen.storyboard in Resources */ = {isa = PBXBuildFile; fileRef = CE400EA1237DD43F0060FC64 /* LaunchScreen.storyboard */; };
		CE400EAE237DD43F0060FC64 /* SpotUpTests.swift in Sources */ = {isa = PBXBuildFile; fileRef = CE400EAD237DD43F0060FC64 /* SpotUpTests.swift */; };
		CE400EB9237DD43F0060FC64 /* SpotUpUITests.swift in Sources */ = {isa = PBXBuildFile; fileRef = CE400EB8237DD43F0060FC64 /* SpotUpUITests.swift */; };
		CE88DE242386F14500710E25 /* ListRow.swift in Sources */ = {isa = PBXBuildFile; fileRef = CE88DE232386F14500710E25 /* ListRow.swift */; };
		CE913F0A238316B1006A7DD9 /* HomeView.swift in Sources */ = {isa = PBXBuildFile; fileRef = CE913F09238316B1006A7DD9 /* HomeView.swift */; };
		CE913F0D238317C0006A7DD9 /* OnboardingView.swift in Sources */ = {isa = PBXBuildFile; fileRef = CE913F0C238317C0006A7DD9 /* OnboardingView.swift */; };
		CE913F0F238317CC006A7DD9 /* LoginView.swift in Sources */ = {isa = PBXBuildFile; fileRef = CE913F0E238317CC006A7DD9 /* LoginView.swift */; };
		CE913F1123831818006A7DD9 /* PermissionView.swift in Sources */ = {isa = PBXBuildFile; fileRef = CE913F1023831818006A7DD9 /* PermissionView.swift */; };
		CE913F1323831852006A7DD9 /* ProfileView.swift in Sources */ = {isa = PBXBuildFile; fileRef = CE913F1223831852006A7DD9 /* ProfileView.swift */; };
		CE913F1523831874006A7DD9 /* ListView.swift in Sources */ = {isa = PBXBuildFile; fileRef = CE913F1423831874006A7DD9 /* ListView.swift */; };
		CE913F17238318A3006A7DD9 /* SettingsView.swift in Sources */ = {isa = PBXBuildFile; fileRef = CE913F16238318A3006A7DD9 /* SettingsView.swift */; };
		CE913F1A238318E2006A7DD9 /* ListViewList.swift in Sources */ = {isa = PBXBuildFile; fileRef = CE913F19238318E2006A7DD9 /* ListViewList.swift */; };
		CE913F1C238318ED006A7DD9 /* ListViewMap.swift in Sources */ = {isa = PBXBuildFile; fileRef = CE913F1B238318ED006A7DD9 /* ListViewMap.swift */; };
		CE913F2223831B6A006A7DD9 /* User.swift in Sources */ = {isa = PBXBuildFile; fileRef = CE913F2123831B6A006A7DD9 /* User.swift */; };
		CE913F2423831C0E006A7DD9 /* List.swift in Sources */ = {isa = PBXBuildFile; fileRef = CE913F2323831C0E006A7DD9 /* List.swift */; };
		CE913F2623831CA3006A7DD9 /* Location.swift in Sources */ = {isa = PBXBuildFile; fileRef = CE913F2523831CA3006A7DD9 /* Location.swift */; };
		CE913F2A23831D1C006A7DD9 /* Tag.swift in Sources */ = {isa = PBXBuildFile; fileRef = CE913F2923831D1C006A7DD9 /* Tag.swift */; };
		CE913F2C23832496006A7DD9 /* GoogleService-Info.plist in Resources */ = {isa = PBXBuildFile; fileRef = CE913F2B23832496006A7DD9 /* GoogleService-Info.plist */; };
		CE913F30238329BF006A7DD9 /* FirebaseSession.swift in Sources */ = {isa = PBXBuildFile; fileRef = CE913F2F238329BF006A7DD9 /* FirebaseSession.swift */; };
		CE913F3223832A81006A7DD9 /* SignUpView.swift in Sources */ = {isa = PBXBuildFile; fileRef = CE913F3123832A81006A7DD9 /* SignUpView.swift */; };
/* End PBXBuildFile section */

/* Begin PBXContainerItemProxy section */
		CE400EAA237DD43F0060FC64 /* PBXContainerItemProxy */ = {
			isa = PBXContainerItemProxy;
			containerPortal = CE400E8B237DD43D0060FC64 /* Project object */;
			proxyType = 1;
			remoteGlobalIDString = CE400E92237DD43D0060FC64;
			remoteInfo = SpotUp;
		};
		CE400EB5237DD43F0060FC64 /* PBXContainerItemProxy */ = {
			isa = PBXContainerItemProxy;
			containerPortal = CE400E8B237DD43D0060FC64 /* Project object */;
			proxyType = 1;
			remoteGlobalIDString = CE400E92237DD43D0060FC64;
			remoteInfo = SpotUp;
		};
/* End PBXContainerItemProxy section */

/* Begin PBXFileReference section */
		02B8561D328E370249010CCD /* Pods-SpotUp-SpotUpUITests.release.xcconfig */ = {isa = PBXFileReference; includeInIndex = 1; lastKnownFileType = text.xcconfig; name = "Pods-SpotUp-SpotUpUITests.release.xcconfig"; path = "Target Support Files/Pods-SpotUp-SpotUpUITests/Pods-SpotUp-SpotUpUITests.release.xcconfig"; sourceTree = "<group>"; };
		0D80AAE63C883B774FDA1E89 /* Pods_SpotUp.framework */ = {isa = PBXFileReference; explicitFileType = wrapper.framework; includeInIndex = 0; path = Pods_SpotUp.framework; sourceTree = BUILT_PRODUCTS_DIR; };
		2FAE2A542399753A00071AF0 /* ListComponent.swift */ = {isa = PBXFileReference; lastKnownFileType = sourcecode.swift; path = ListComponent.swift; sourceTree = "<group>"; };
		2FAE2A57239975B100071AF0 /* ItemContentView.swift */ = {isa = PBXFileReference; lastKnownFileType = sourcecode.swift; path = ItemContentView.swift; sourceTree = "<group>"; };
		2FAE2A5C2399764800071AF0 /* DummieLocationData.swift */ = {isa = PBXFileReference; lastKnownFileType = sourcecode.swift; path = DummieLocationData.swift; sourceTree = "<group>"; };
		2FAE2A5E239976E800071AF0 /* ItemMapView.swift */ = {isa = PBXFileReference; lastKnownFileType = sourcecode.swift; path = ItemMapView.swift; sourceTree = "<group>"; };
		2FAE2A602399772500071AF0 /* ItemImageView.swift */ = {isa = PBXFileReference; lastKnownFileType = sourcecode.swift; path = ItemImageView.swift; sourceTree = "<group>"; };
		2FAE2A63239977C000071AF0 /* chincoteague.jpg */ = {isa = PBXFileReference; lastKnownFileType = image.jpeg; path = chincoteague.jpg; sourceTree = "<group>"; };
		2FAE2A64239977C300071AF0 /* hiddenlake.jpg */ = {isa = PBXFileReference; lastKnownFileType = image.jpeg; path = hiddenlake.jpg; sourceTree = "<group>"; };
		2FAE2A65239977C500071AF0 /* silversalmoncreek.jpg */ = {isa = PBXFileReference; lastKnownFileType = image.jpeg; path = silversalmoncreek.jpg; sourceTree = "<group>"; };
		2FAE2A66239977C800071AF0 /* landmarkData.json */ = {isa = PBXFileReference; fileEncoding = 4; lastKnownFileType = text.json; path = landmarkData.json; sourceTree = "<group>"; };
		2FAE2A67239977CA00071AF0 /* umbagog.jpg */ = {isa = PBXFileReference; lastKnownFileType = image.jpeg; path = umbagog.jpg; sourceTree = "<group>"; };
		2FAE2A68239977CC00071AF0 /* rainbowlake.jpg */ = {isa = PBXFileReference; lastKnownFileType = image.jpeg; path = rainbowlake.jpg; sourceTree = "<group>"; };
		2FAE2A69239977CF00071AF0 /* chilkoottrail.jpg */ = {isa = PBXFileReference; lastKnownFileType = image.jpeg; path = chilkoottrail.jpg; sourceTree = "<group>"; };
		2FAE2A6A239977D200071AF0 /* lakemcdonald.jpg */ = {isa = PBXFileReference; lastKnownFileType = image.jpeg; path = lakemcdonald.jpg; sourceTree = "<group>"; };
		2FAE2A6B239977D400071AF0 /* charleyrivers.jpg */ = {isa = PBXFileReference; lastKnownFileType = image.jpeg; path = charleyrivers.jpg; sourceTree = "<group>"; };
		2FAE2A6C239977D600071AF0 /* turtlerock.jpg */ = {isa = PBXFileReference; lastKnownFileType = image.jpeg; path = turtlerock.jpg; sourceTree = "<group>"; };
		2FAE2A6D239977D800071AF0 /* stmarylake.jpg */ = {isa = PBXFileReference; lastKnownFileType = image.jpeg; path = stmarylake.jpg; sourceTree = "<group>"; };
		2FAE2A6E239977DA00071AF0 /* icybay.jpg */ = {isa = PBXFileReference; lastKnownFileType = image.jpeg; path = icybay.jpg; sourceTree = "<group>"; };
		2FAE2A6F239977DC00071AF0 /* twinlake.jpg */ = {isa = PBXFileReference; lastKnownFileType = image.jpeg; path = twinlake.jpg; sourceTree = "<group>"; };
		54557D8121CD216E7B6D4D4A /* Pods_SpotUpTests.framework */ = {isa = PBXFileReference; explicitFileType = wrapper.framework; includeInIndex = 0; path = Pods_SpotUpTests.framework; sourceTree = BUILT_PRODUCTS_DIR; };
		5E205B9381D29E5CD6ACBDE6 /* Pods_SpotUp_SpotUpUITests.framework */ = {isa = PBXFileReference; explicitFileType = wrapper.framework; includeInIndex = 0; path = Pods_SpotUp_SpotUpUITests.framework; sourceTree = BUILT_PRODUCTS_DIR; };
		7A2A741F8BF1983EB3199716 /* Pods-SpotUp-SpotUpUITests.debug.xcconfig */ = {isa = PBXFileReference; includeInIndex = 1; lastKnownFileType = text.xcconfig; name = "Pods-SpotUp-SpotUpUITests.debug.xcconfig"; path = "Target Support Files/Pods-SpotUp-SpotUpUITests/Pods-SpotUp-SpotUpUITests.debug.xcconfig"; sourceTree = "<group>"; };
		A697DF6F2386FA1500E50A38 /* CustomSearchBar.swift */ = {isa = PBXFileReference; lastKnownFileType = sourcecode.swift; path = CustomSearchBar.swift; sourceTree = "<group>"; };
		CD0AE2A362C5CB01AF782DA6 /* Pods-SpotUp.release.xcconfig */ = {isa = PBXFileReference; includeInIndex = 1; lastKnownFileType = text.xcconfig; name = "Pods-SpotUp.release.xcconfig"; path = "Target Support Files/Pods-SpotUp/Pods-SpotUp.release.xcconfig"; sourceTree = "<group>"; };
		CE28481523846C8400A2EBE5 /* TabBarView.swift */ = {isa = PBXFileReference; lastKnownFileType = sourcecode.swift; path = TabBarView.swift; sourceTree = "<group>"; };
		CE400E93237DD43D0060FC64 /* SpotUp.app */ = {isa = PBXFileReference; explicitFileType = wrapper.application; includeInIndex = 0; path = SpotUp.app; sourceTree = BUILT_PRODUCTS_DIR; };
		CE400E96237DD43D0060FC64 /* AppDelegate.swift */ = {isa = PBXFileReference; lastKnownFileType = sourcecode.swift; path = AppDelegate.swift; sourceTree = "<group>"; };
		CE400E98237DD43D0060FC64 /* SceneDelegate.swift */ = {isa = PBXFileReference; lastKnownFileType = sourcecode.swift; path = SceneDelegate.swift; sourceTree = "<group>"; };
		CE400E9A237DD43D0060FC64 /* ContentView.swift */ = {isa = PBXFileReference; lastKnownFileType = sourcecode.swift; path = ContentView.swift; sourceTree = "<group>"; };
		CE400E9C237DD43F0060FC64 /* Assets.xcassets */ = {isa = PBXFileReference; lastKnownFileType = folder.assetcatalog; path = Assets.xcassets; sourceTree = "<group>"; };
		CE400E9F237DD43F0060FC64 /* Preview Assets.xcassets */ = {isa = PBXFileReference; lastKnownFileType = folder.assetcatalog; path = "Preview Assets.xcassets"; sourceTree = "<group>"; };
		CE400EA2237DD43F0060FC64 /* Base */ = {isa = PBXFileReference; lastKnownFileType = file.storyboard; name = Base; path = Base.lproj/LaunchScreen.storyboard; sourceTree = "<group>"; };
		CE400EA4237DD43F0060FC64 /* Info.plist */ = {isa = PBXFileReference; lastKnownFileType = text.plist.xml; path = Info.plist; sourceTree = "<group>"; };
		CE400EA9237DD43F0060FC64 /* SpotUpTests.xctest */ = {isa = PBXFileReference; explicitFileType = wrapper.cfbundle; includeInIndex = 0; path = SpotUpTests.xctest; sourceTree = BUILT_PRODUCTS_DIR; };
		CE400EAD237DD43F0060FC64 /* SpotUpTests.swift */ = {isa = PBXFileReference; lastKnownFileType = sourcecode.swift; path = SpotUpTests.swift; sourceTree = "<group>"; };
		CE400EAF237DD43F0060FC64 /* Info.plist */ = {isa = PBXFileReference; lastKnownFileType = text.plist.xml; path = Info.plist; sourceTree = "<group>"; };
		CE400EB4237DD43F0060FC64 /* SpotUpUITests.xctest */ = {isa = PBXFileReference; explicitFileType = wrapper.cfbundle; includeInIndex = 0; path = SpotUpUITests.xctest; sourceTree = BUILT_PRODUCTS_DIR; };
		CE400EB8237DD43F0060FC64 /* SpotUpUITests.swift */ = {isa = PBXFileReference; lastKnownFileType = sourcecode.swift; path = SpotUpUITests.swift; sourceTree = "<group>"; };
		CE400EBA237DD43F0060FC64 /* Info.plist */ = {isa = PBXFileReference; lastKnownFileType = text.plist.xml; path = Info.plist; sourceTree = "<group>"; };
		CE88DE232386F14500710E25 /* ListRow.swift */ = {isa = PBXFileReference; lastKnownFileType = sourcecode.swift; path = ListRow.swift; sourceTree = "<group>"; };
		CE913F09238316B1006A7DD9 /* HomeView.swift */ = {isa = PBXFileReference; lastKnownFileType = sourcecode.swift; path = HomeView.swift; sourceTree = "<group>"; };
		CE913F0C238317C0006A7DD9 /* OnboardingView.swift */ = {isa = PBXFileReference; lastKnownFileType = sourcecode.swift; path = OnboardingView.swift; sourceTree = "<group>"; };
		CE913F0E238317CC006A7DD9 /* LoginView.swift */ = {isa = PBXFileReference; lastKnownFileType = sourcecode.swift; path = LoginView.swift; sourceTree = "<group>"; };
		CE913F1023831818006A7DD9 /* PermissionView.swift */ = {isa = PBXFileReference; lastKnownFileType = sourcecode.swift; path = PermissionView.swift; sourceTree = "<group>"; };
		CE913F1223831852006A7DD9 /* ProfileView.swift */ = {isa = PBXFileReference; lastKnownFileType = sourcecode.swift; path = ProfileView.swift; sourceTree = "<group>"; };
		CE913F1423831874006A7DD9 /* ListView.swift */ = {isa = PBXFileReference; lastKnownFileType = sourcecode.swift; path = ListView.swift; sourceTree = "<group>"; };
		CE913F16238318A3006A7DD9 /* SettingsView.swift */ = {isa = PBXFileReference; lastKnownFileType = sourcecode.swift; path = SettingsView.swift; sourceTree = "<group>"; };
		CE913F19238318E2006A7DD9 /* ListViewList.swift */ = {isa = PBXFileReference; lastKnownFileType = sourcecode.swift; path = ListViewList.swift; sourceTree = "<group>"; };
		CE913F1B238318ED006A7DD9 /* ListViewMap.swift */ = {isa = PBXFileReference; lastKnownFileType = sourcecode.swift; path = ListViewMap.swift; sourceTree = "<group>"; };
		CE913F2123831B6A006A7DD9 /* User.swift */ = {isa = PBXFileReference; lastKnownFileType = sourcecode.swift; path = User.swift; sourceTree = "<group>"; };
		CE913F2323831C0E006A7DD9 /* List.swift */ = {isa = PBXFileReference; lastKnownFileType = sourcecode.swift; path = List.swift; sourceTree = "<group>"; };
		CE913F2523831CA3006A7DD9 /* Location.swift */ = {isa = PBXFileReference; lastKnownFileType = sourcecode.swift; path = Location.swift; sourceTree = "<group>"; };
		CE913F2923831D1C006A7DD9 /* Tag.swift */ = {isa = PBXFileReference; lastKnownFileType = sourcecode.swift; path = Tag.swift; sourceTree = "<group>"; };
		CE913F2B23832496006A7DD9 /* GoogleService-Info.plist */ = {isa = PBXFileReference; fileEncoding = 4; lastKnownFileType = text.plist.xml; path = "GoogleService-Info.plist"; sourceTree = "<group>"; };
		CE913F2F238329BF006A7DD9 /* FirebaseSession.swift */ = {isa = PBXFileReference; lastKnownFileType = sourcecode.swift; path = FirebaseSession.swift; sourceTree = "<group>"; };
		CE913F3123832A81006A7DD9 /* SignUpView.swift */ = {isa = PBXFileReference; lastKnownFileType = sourcecode.swift; path = SignUpView.swift; sourceTree = "<group>"; };
		E2EB91161FA9E2FBE4407F14 /* Pods-SpotUpTests.debug.xcconfig */ = {isa = PBXFileReference; includeInIndex = 1; lastKnownFileType = text.xcconfig; name = "Pods-SpotUpTests.debug.xcconfig"; path = "Target Support Files/Pods-SpotUpTests/Pods-SpotUpTests.debug.xcconfig"; sourceTree = "<group>"; };
		E40815AE1673B70F472ABE6C /* Pods-SpotUp.debug.xcconfig */ = {isa = PBXFileReference; includeInIndex = 1; lastKnownFileType = text.xcconfig; name = "Pods-SpotUp.debug.xcconfig"; path = "Target Support Files/Pods-SpotUp/Pods-SpotUp.debug.xcconfig"; sourceTree = "<group>"; };
		F0EC4440FA077934C4F81AF9 /* Pods-SpotUpTests.release.xcconfig */ = {isa = PBXFileReference; includeInIndex = 1; lastKnownFileType = text.xcconfig; name = "Pods-SpotUpTests.release.xcconfig"; path = "Target Support Files/Pods-SpotUpTests/Pods-SpotUpTests.release.xcconfig"; sourceTree = "<group>"; };
/* End PBXFileReference section */

/* Begin PBXFrameworksBuildPhase section */
		CE400E90237DD43D0060FC64 /* Frameworks */ = {
			isa = PBXFrameworksBuildPhase;
			buildActionMask = 2147483647;
			files = (
				6FB0E5B1E0E05D24F32001E8 /* Pods_SpotUp.framework in Frameworks */,
			);
			runOnlyForDeploymentPostprocessing = 0;
		};
		CE400EA6237DD43F0060FC64 /* Frameworks */ = {
			isa = PBXFrameworksBuildPhase;
			buildActionMask = 2147483647;
			files = (
				092D9601141463271EC61D33 /* Pods_SpotUpTests.framework in Frameworks */,
			);
			runOnlyForDeploymentPostprocessing = 0;
		};
		CE400EB1237DD43F0060FC64 /* Frameworks */ = {
			isa = PBXFrameworksBuildPhase;
			buildActionMask = 2147483647;
			files = (
				A639992645919CC44A6E2098 /* Pods_SpotUp_SpotUpUITests.framework in Frameworks */,
			);
			runOnlyForDeploymentPostprocessing = 0;
		};
/* End PBXFrameworksBuildPhase section */

/* Begin PBXGroup section */
		1AD69BFD1FFF768137198A51 /* Frameworks */ = {
			isa = PBXGroup;
			children = (
				0D80AAE63C883B774FDA1E89 /* Pods_SpotUp.framework */,
				5E205B9381D29E5CD6ACBDE6 /* Pods_SpotUp_SpotUpUITests.framework */,
				54557D8121CD216E7B6D4D4A /* Pods_SpotUpTests.framework */,
			);
			name = Frameworks;
			sourceTree = "<group>";
		};
		2FAE2A532399747E00071AF0 /* ListView */ = {
			isa = PBXGroup;
			children = (
				CE913F1423831874006A7DD9 /* ListView.swift */,
				CE88DE232386F14500710E25 /* ListRow.swift */,
				CE913F19238318E2006A7DD9 /* ListViewList.swift */,
				CE913F1B238318ED006A7DD9 /* ListViewMap.swift */,
				2FAE2A542399753A00071AF0 /* ListComponent.swift */,
			);
			path = ListView;
			sourceTree = "<group>";
		};
		2FAE2A562399759200071AF0 /* ItemView */ = {
			isa = PBXGroup;
			children = (
				2FAE2A57239975B100071AF0 /* ItemContentView.swift */,
				2FAE2A5E239976E800071AF0 /* ItemMapView.swift */,
				2FAE2A602399772500071AF0 /* ItemImageView.swift */,
			);
			path = ItemView;
			sourceTree = "<group>";
		};
		2FAE2A622399777B00071AF0 /* Dummie Resources */ = {
			isa = PBXGroup;
			children = (
				2FAE2A6B239977D400071AF0 /* charleyrivers.jpg */,
				2FAE2A69239977CF00071AF0 /* chilkoottrail.jpg */,
				2FAE2A63239977C000071AF0 /* chincoteague.jpg */,
				2FAE2A64239977C300071AF0 /* hiddenlake.jpg */,
				2FAE2A6E239977DA00071AF0 /* icybay.jpg */,
				2FAE2A6A239977D200071AF0 /* lakemcdonald.jpg */,
				2FAE2A66239977C800071AF0 /* landmarkData.json */,
				2FAE2A68239977CC00071AF0 /* rainbowlake.jpg */,
				2FAE2A65239977C500071AF0 /* silversalmoncreek.jpg */,
				2FAE2A6D239977D800071AF0 /* stmarylake.jpg */,
				2FAE2A6C239977D600071AF0 /* turtlerock.jpg */,
				2FAE2A6F239977DC00071AF0 /* twinlake.jpg */,
				2FAE2A67239977CA00071AF0 /* umbagog.jpg */,
			);
			path = "Dummie Resources";
			sourceTree = "<group>";
		};
		A05BD47BBC3920D92E88F7D8 /* Pods */ = {
			isa = PBXGroup;
			children = (
				E40815AE1673B70F472ABE6C /* Pods-SpotUp.debug.xcconfig */,
				CD0AE2A362C5CB01AF782DA6 /* Pods-SpotUp.release.xcconfig */,
				7A2A741F8BF1983EB3199716 /* Pods-SpotUp-SpotUpUITests.debug.xcconfig */,
				02B8561D328E370249010CCD /* Pods-SpotUp-SpotUpUITests.release.xcconfig */,
				E2EB91161FA9E2FBE4407F14 /* Pods-SpotUpTests.debug.xcconfig */,
				F0EC4440FA077934C4F81AF9 /* Pods-SpotUpTests.release.xcconfig */,
			);
			path = Pods;
			sourceTree = "<group>";
		};
		CE400E8A237DD43D0060FC64 = {
			isa = PBXGroup;
			children = (
				CE913F2B23832496006A7DD9 /* GoogleService-Info.plist */,
				CE400E95237DD43D0060FC64 /* SpotUp */,
				CE400EAC237DD43F0060FC64 /* SpotUpTests */,
				CE400EB7237DD43F0060FC64 /* SpotUpUITests */,
				CE400E94237DD43D0060FC64 /* Products */,
				A05BD47BBC3920D92E88F7D8 /* Pods */,
				1AD69BFD1FFF768137198A51 /* Frameworks */,
			);
			sourceTree = "<group>";
		};
		CE400E94237DD43D0060FC64 /* Products */ = {
			isa = PBXGroup;
			children = (
				CE400E93237DD43D0060FC64 /* SpotUp.app */,
				CE400EA9237DD43F0060FC64 /* SpotUpTests.xctest */,
				CE400EB4237DD43F0060FC64 /* SpotUpUITests.xctest */,
			);
			name = Products;
			sourceTree = "<group>";
		};
		CE400E95237DD43D0060FC64 /* SpotUp */ = {
			isa = PBXGroup;
			children = (
				2FAE2A622399777B00071AF0 /* Dummie Resources */,
				CE913F1F23831A37006A7DD9 /* Network */,
				CE913F2023831A4A006A7DD9 /* Models */,
				CE913F1E23831A24006A7DD9 /* Components */,
				CE913F1D2383199B006A7DD9 /* Views */,
				CE400EA4237DD43F0060FC64 /* Info.plist */,
				CE400E96237DD43D0060FC64 /* AppDelegate.swift */,
				CE400E98237DD43D0060FC64 /* SceneDelegate.swift */,
				CE400E9C237DD43F0060FC64 /* Assets.xcassets */,
				CE400EA1237DD43F0060FC64 /* LaunchScreen.storyboard */,
				CE400E9E237DD43F0060FC64 /* Preview Content */,
			);
			path = SpotUp;
			sourceTree = "<group>";
		};
		CE400E9E237DD43F0060FC64 /* Preview Content */ = {
			isa = PBXGroup;
			children = (
				CE400E9F237DD43F0060FC64 /* Preview Assets.xcassets */,
			);
			path = "Preview Content";
			sourceTree = "<group>";
		};
		CE400EAC237DD43F0060FC64 /* SpotUpTests */ = {
			isa = PBXGroup;
			children = (
				CE400EAD237DD43F0060FC64 /* SpotUpTests.swift */,
				CE400EAF237DD43F0060FC64 /* Info.plist */,
			);
			path = SpotUpTests;
			sourceTree = "<group>";
		};
		CE400EB7237DD43F0060FC64 /* SpotUpUITests */ = {
			isa = PBXGroup;
			children = (
				CE400EB8237DD43F0060FC64 /* SpotUpUITests.swift */,
				CE400EBA237DD43F0060FC64 /* Info.plist */,
			);
			path = SpotUpUITests;
			sourceTree = "<group>";
		};
		CE913F1D2383199B006A7DD9 /* Views */ = {
			isa = PBXGroup;
			children = (
				2FAE2A562399759200071AF0 /* ItemView */,
				2FAE2A532399747E00071AF0 /* ListView */,
				CE28481523846C8400A2EBE5 /* TabBarView.swift */,
				CE400E9A237DD43D0060FC64 /* ContentView.swift */,
				CE913F09238316B1006A7DD9 /* HomeView.swift */,
				CE913F0E238317CC006A7DD9 /* LoginView.swift */,
				CE913F0C238317C0006A7DD9 /* OnboardingView.swift */,
				CE913F1023831818006A7DD9 /* PermissionView.swift */,
				CE913F1223831852006A7DD9 /* ProfileView.swift */,
				CE913F16238318A3006A7DD9 /* SettingsView.swift */,
				CE913F3123832A81006A7DD9 /* SignUpView.swift */,
			);
			path = Views;
			sourceTree = "<group>";
		};
		CE913F1E23831A24006A7DD9 /* Components */ = {
			isa = PBXGroup;
			children = (
				A697DF6F2386FA1500E50A38 /* CustomSearchBar.swift */,
			);
			path = Components;
			sourceTree = "<group>";
		};
		CE913F1F23831A37006A7DD9 /* Network */ = {
			isa = PBXGroup;
			children = (
				CE913F2F238329BF006A7DD9 /* FirebaseSession.swift */,
			);
			path = Network;
			sourceTree = "<group>";
		};
		CE913F2023831A4A006A7DD9 /* Models */ = {
			isa = PBXGroup;
			children = (
				CE913F2123831B6A006A7DD9 /* User.swift */,
				CE913F2323831C0E006A7DD9 /* List.swift */,
				CE913F2523831CA3006A7DD9 /* Location.swift */,
				CE913F2923831D1C006A7DD9 /* Tag.swift */,
				2FAE2A5C2399764800071AF0 /* DummieLocationData.swift */,
			);
			path = Models;
			sourceTree = "<group>";
		};
/* End PBXGroup section */

/* Begin PBXNativeTarget section */
		CE400E92237DD43D0060FC64 /* SpotUp */ = {
			isa = PBXNativeTarget;
			buildConfigurationList = CE400EBD237DD43F0060FC64 /* Build configuration list for PBXNativeTarget "SpotUp" */;
			buildPhases = (
				209D74B16B312446967CE4C3 /* [CP] Check Pods Manifest.lock */,
				CE400E8F237DD43D0060FC64 /* Sources */,
				CE400E90237DD43D0060FC64 /* Frameworks */,
				CE400E91237DD43D0060FC64 /* Resources */,
				FB0DCE3E6C77FA8B4AFFD1EF /* [CP] Embed Pods Frameworks */,
				6D083D692036109F716ECB89 /* [CP] Copy Pods Resources */,
			);
			buildRules = (
			);
			dependencies = (
			);
			name = SpotUp;
			productName = SpotUp;
			productReference = CE400E93237DD43D0060FC64 /* SpotUp.app */;
			productType = "com.apple.product-type.application";
		};
		CE400EA8237DD43F0060FC64 /* SpotUpTests */ = {
			isa = PBXNativeTarget;
			buildConfigurationList = CE400EC0237DD43F0060FC64 /* Build configuration list for PBXNativeTarget "SpotUpTests" */;
			buildPhases = (
				AD41CEED3B9E94810F16A35F /* [CP] Check Pods Manifest.lock */,
				CE400EA5237DD43F0060FC64 /* Sources */,
				CE400EA6237DD43F0060FC64 /* Frameworks */,
				CE400EA7237DD43F0060FC64 /* Resources */,
			);
			buildRules = (
			);
			dependencies = (
				CE400EAB237DD43F0060FC64 /* PBXTargetDependency */,
			);
			name = SpotUpTests;
			productName = SpotUpTests;
			productReference = CE400EA9237DD43F0060FC64 /* SpotUpTests.xctest */;
			productType = "com.apple.product-type.bundle.unit-test";
		};
		CE400EB3237DD43F0060FC64 /* SpotUpUITests */ = {
			isa = PBXNativeTarget;
			buildConfigurationList = CE400EC3237DD43F0060FC64 /* Build configuration list for PBXNativeTarget "SpotUpUITests" */;
			buildPhases = (
				E753B6B890286A9993296FD2 /* [CP] Check Pods Manifest.lock */,
				CE400EB0237DD43F0060FC64 /* Sources */,
				CE400EB1237DD43F0060FC64 /* Frameworks */,
				CE400EB2237DD43F0060FC64 /* Resources */,
				24D1FBF53987BF307E7852E7 /* [CP] Embed Pods Frameworks */,
				EA078E23140A4F575A9DDBB8 /* [CP] Copy Pods Resources */,
			);
			buildRules = (
			);
			dependencies = (
				CE400EB6237DD43F0060FC64 /* PBXTargetDependency */,
			);
			name = SpotUpUITests;
			productName = SpotUpUITests;
			productReference = CE400EB4237DD43F0060FC64 /* SpotUpUITests.xctest */;
			productType = "com.apple.product-type.bundle.ui-testing";
		};
/* End PBXNativeTarget section */

/* Begin PBXProject section */
		CE400E8B237DD43D0060FC64 /* Project object */ = {
			isa = PBXProject;
			attributes = {
				LastSwiftUpdateCheck = 1120;
				LastUpgradeCheck = 1120;
				ORGANIZATIONNAME = "iOS WiSe 19/20 Gruppe 7";
				TargetAttributes = {
					CE400E92237DD43D0060FC64 = {
						CreatedOnToolsVersion = 11.2;
					};
					CE400EA8237DD43F0060FC64 = {
						CreatedOnToolsVersion = 11.2;
						TestTargetID = CE400E92237DD43D0060FC64;
					};
					CE400EB3237DD43F0060FC64 = {
						CreatedOnToolsVersion = 11.2;
						TestTargetID = CE400E92237DD43D0060FC64;
					};
				};
			};
			buildConfigurationList = CE400E8E237DD43D0060FC64 /* Build configuration list for PBXProject "SpotUp" */;
			compatibilityVersion = "Xcode 9.3";
			developmentRegion = en;
			hasScannedForEncodings = 0;
			knownRegions = (
				en,
				Base,
			);
			mainGroup = CE400E8A237DD43D0060FC64;
			productRefGroup = CE400E94237DD43D0060FC64 /* Products */;
			projectDirPath = "";
			projectRoot = "";
			targets = (
				CE400E92237DD43D0060FC64 /* SpotUp */,
				CE400EA8237DD43F0060FC64 /* SpotUpTests */,
				CE400EB3237DD43F0060FC64 /* SpotUpUITests */,
			);
		};
/* End PBXProject section */

/* Begin PBXResourcesBuildPhase section */
		CE400E91237DD43D0060FC64 /* Resources */ = {
			isa = PBXResourcesBuildPhase;
			buildActionMask = 2147483647;
			files = (
				CE400EA3237DD43F0060FC64 /* LaunchScreen.storyboard in Resources */,
				2FAE2A75239977DC00071AF0 /* rainbowlake.jpg in Resources */,
				2FAE2A79239977DC00071AF0 /* turtlerock.jpg in Resources */,
				CE913F2C23832496006A7DD9 /* GoogleService-Info.plist in Resources */,
				CE400EA0237DD43F0060FC64 /* Preview Assets.xcassets in Resources */,
				CE400E9D237DD43F0060FC64 /* Assets.xcassets in Resources */,
				2FAE2A7A239977DC00071AF0 /* stmarylake.jpg in Resources */,
				2FAE2A72239977DC00071AF0 /* silversalmoncreek.jpg in Resources */,
				2FAE2A77239977DC00071AF0 /* lakemcdonald.jpg in Resources */,
				2FAE2A76239977DC00071AF0 /* chilkoottrail.jpg in Resources */,
				2FAE2A7B239977DC00071AF0 /* icybay.jpg in Resources */,
				2FAE2A78239977DC00071AF0 /* charleyrivers.jpg in Resources */,
				2FAE2A73239977DC00071AF0 /* landmarkData.json in Resources */,
				2FAE2A74239977DC00071AF0 /* umbagog.jpg in Resources */,
				2FAE2A71239977DC00071AF0 /* hiddenlake.jpg in Resources */,
				2FAE2A7C239977DC00071AF0 /* twinlake.jpg in Resources */,
				2FAE2A70239977DC00071AF0 /* chincoteague.jpg in Resources */,
			);
			runOnlyForDeploymentPostprocessing = 0;
		};
		CE400EA7237DD43F0060FC64 /* Resources */ = {
			isa = PBXResourcesBuildPhase;
			buildActionMask = 2147483647;
			files = (
			);
			runOnlyForDeploymentPostprocessing = 0;
		};
		CE400EB2237DD43F0060FC64 /* Resources */ = {
			isa = PBXResourcesBuildPhase;
			buildActionMask = 2147483647;
			files = (
			);
			runOnlyForDeploymentPostprocessing = 0;
		};
/* End PBXResourcesBuildPhase section */

/* Begin PBXShellScriptBuildPhase section */
		209D74B16B312446967CE4C3 /* [CP] Check Pods Manifest.lock */ = {
			isa = PBXShellScriptBuildPhase;
			buildActionMask = 2147483647;
			files = (
			);
			inputFileListPaths = (
			);
			inputPaths = (
				"${PODS_PODFILE_DIR_PATH}/Podfile.lock",
				"${PODS_ROOT}/Manifest.lock",
			);
			name = "[CP] Check Pods Manifest.lock";
			outputFileListPaths = (
			);
			outputPaths = (
				"$(DERIVED_FILE_DIR)/Pods-SpotUp-checkManifestLockResult.txt",
			);
			runOnlyForDeploymentPostprocessing = 0;
			shellPath = /bin/sh;
			shellScript = "diff \"${PODS_PODFILE_DIR_PATH}/Podfile.lock\" \"${PODS_ROOT}/Manifest.lock\" > /dev/null\nif [ $? != 0 ] ; then\n    # print error to STDERR\n    echo \"error: The sandbox is not in sync with the Podfile.lock. Run 'pod install' or update your CocoaPods installation.\" >&2\n    exit 1\nfi\n# This output is used by Xcode 'outputs' to avoid re-running this script phase.\necho \"SUCCESS\" > \"${SCRIPT_OUTPUT_FILE_0}\"\n";
			showEnvVarsInLog = 0;
		};
		24D1FBF53987BF307E7852E7 /* [CP] Embed Pods Frameworks */ = {
			isa = PBXShellScriptBuildPhase;
			buildActionMask = 2147483647;
			files = (
			);
			inputFileListPaths = (
				"${PODS_ROOT}/Target Support Files/Pods-SpotUp-SpotUpUITests/Pods-SpotUp-SpotUpUITests-frameworks-${CONFIGURATION}-input-files.xcfilelist",
			);
			name = "[CP] Embed Pods Frameworks";
			outputFileListPaths = (
				"${PODS_ROOT}/Target Support Files/Pods-SpotUp-SpotUpUITests/Pods-SpotUp-SpotUpUITests-frameworks-${CONFIGURATION}-output-files.xcfilelist",
			);
			runOnlyForDeploymentPostprocessing = 0;
			shellPath = /bin/sh;
			shellScript = "\"${PODS_ROOT}/Target Support Files/Pods-SpotUp-SpotUpUITests/Pods-SpotUp-SpotUpUITests-frameworks.sh\"\n";
			showEnvVarsInLog = 0;
		};
		6D083D692036109F716ECB89 /* [CP] Copy Pods Resources */ = {
			isa = PBXShellScriptBuildPhase;
			buildActionMask = 2147483647;
			files = (
			);
			inputFileListPaths = (
				"${PODS_ROOT}/Target Support Files/Pods-SpotUp/Pods-SpotUp-resources-${CONFIGURATION}-input-files.xcfilelist",
			);
			name = "[CP] Copy Pods Resources";
			outputFileListPaths = (
				"${PODS_ROOT}/Target Support Files/Pods-SpotUp/Pods-SpotUp-resources-${CONFIGURATION}-output-files.xcfilelist",
			);
			runOnlyForDeploymentPostprocessing = 0;
			shellPath = /bin/sh;
			shellScript = "\"${PODS_ROOT}/Target Support Files/Pods-SpotUp/Pods-SpotUp-resources.sh\"\n";
			showEnvVarsInLog = 0;
		};
		AD41CEED3B9E94810F16A35F /* [CP] Check Pods Manifest.lock */ = {
			isa = PBXShellScriptBuildPhase;
			buildActionMask = 2147483647;
			files = (
			);
			inputFileListPaths = (
			);
			inputPaths = (
				"${PODS_PODFILE_DIR_PATH}/Podfile.lock",
				"${PODS_ROOT}/Manifest.lock",
			);
			name = "[CP] Check Pods Manifest.lock";
			outputFileListPaths = (
			);
			outputPaths = (
				"$(DERIVED_FILE_DIR)/Pods-SpotUpTests-checkManifestLockResult.txt",
			);
			runOnlyForDeploymentPostprocessing = 0;
			shellPath = /bin/sh;
			shellScript = "diff \"${PODS_PODFILE_DIR_PATH}/Podfile.lock\" \"${PODS_ROOT}/Manifest.lock\" > /dev/null\nif [ $? != 0 ] ; then\n    # print error to STDERR\n    echo \"error: The sandbox is not in sync with the Podfile.lock. Run 'pod install' or update your CocoaPods installation.\" >&2\n    exit 1\nfi\n# This output is used by Xcode 'outputs' to avoid re-running this script phase.\necho \"SUCCESS\" > \"${SCRIPT_OUTPUT_FILE_0}\"\n";
			showEnvVarsInLog = 0;
		};
		E753B6B890286A9993296FD2 /* [CP] Check Pods Manifest.lock */ = {
			isa = PBXShellScriptBuildPhase;
			buildActionMask = 2147483647;
			files = (
			);
			inputFileListPaths = (
			);
			inputPaths = (
				"${PODS_PODFILE_DIR_PATH}/Podfile.lock",
				"${PODS_ROOT}/Manifest.lock",
			);
			name = "[CP] Check Pods Manifest.lock";
			outputFileListPaths = (
			);
			outputPaths = (
				"$(DERIVED_FILE_DIR)/Pods-SpotUp-SpotUpUITests-checkManifestLockResult.txt",
			);
			runOnlyForDeploymentPostprocessing = 0;
			shellPath = /bin/sh;
			shellScript = "diff \"${PODS_PODFILE_DIR_PATH}/Podfile.lock\" \"${PODS_ROOT}/Manifest.lock\" > /dev/null\nif [ $? != 0 ] ; then\n    # print error to STDERR\n    echo \"error: The sandbox is not in sync with the Podfile.lock. Run 'pod install' or update your CocoaPods installation.\" >&2\n    exit 1\nfi\n# This output is used by Xcode 'outputs' to avoid re-running this script phase.\necho \"SUCCESS\" > \"${SCRIPT_OUTPUT_FILE_0}\"\n";
			showEnvVarsInLog = 0;
		};
		EA078E23140A4F575A9DDBB8 /* [CP] Copy Pods Resources */ = {
			isa = PBXShellScriptBuildPhase;
			buildActionMask = 2147483647;
			files = (
			);
			inputFileListPaths = (
				"${PODS_ROOT}/Target Support Files/Pods-SpotUp-SpotUpUITests/Pods-SpotUp-SpotUpUITests-resources-${CONFIGURATION}-input-files.xcfilelist",
			);
			name = "[CP] Copy Pods Resources";
			outputFileListPaths = (
				"${PODS_ROOT}/Target Support Files/Pods-SpotUp-SpotUpUITests/Pods-SpotUp-SpotUpUITests-resources-${CONFIGURATION}-output-files.xcfilelist",
			);
			runOnlyForDeploymentPostprocessing = 0;
			shellPath = /bin/sh;
			shellScript = "\"${PODS_ROOT}/Target Support Files/Pods-SpotUp-SpotUpUITests/Pods-SpotUp-SpotUpUITests-resources.sh\"\n";
			showEnvVarsInLog = 0;
		};
		FB0DCE3E6C77FA8B4AFFD1EF /* [CP] Embed Pods Frameworks */ = {
			isa = PBXShellScriptBuildPhase;
			buildActionMask = 2147483647;
			files = (
			);
			inputFileListPaths = (
				"${PODS_ROOT}/Target Support Files/Pods-SpotUp/Pods-SpotUp-frameworks-${CONFIGURATION}-input-files.xcfilelist",
			);
			name = "[CP] Embed Pods Frameworks";
			outputFileListPaths = (
				"${PODS_ROOT}/Target Support Files/Pods-SpotUp/Pods-SpotUp-frameworks-${CONFIGURATION}-output-files.xcfilelist",
			);
			runOnlyForDeploymentPostprocessing = 0;
			shellPath = /bin/sh;
			shellScript = "\"${PODS_ROOT}/Target Support Files/Pods-SpotUp/Pods-SpotUp-frameworks.sh\"\n";
			showEnvVarsInLog = 0;
		};
/* End PBXShellScriptBuildPhase section */

/* Begin PBXSourcesBuildPhase section */
		CE400E8F237DD43D0060FC64 /* Sources */ = {
			isa = PBXSourcesBuildPhase;
			buildActionMask = 2147483647;
			files = (
				CE913F2A23831D1C006A7DD9 /* Tag.swift in Sources */,
				CE913F2223831B6A006A7DD9 /* User.swift in Sources */,
				A697DF702386FA1500E50A38 /* CustomSearchBar.swift in Sources */,
				2FAE2A552399753A00071AF0 /* ListComponent.swift in Sources */,
				CE28481623846C8400A2EBE5 /* TabBarView.swift in Sources */,
				CE913F1323831852006A7DD9 /* ProfileView.swift in Sources */,
				CE88DE242386F14500710E25 /* ListRow.swift in Sources */,
				2FAE2A5D2399764800071AF0 /* DummieLocationData.swift in Sources */,
				CE913F1A238318E2006A7DD9 /* ListViewList.swift in Sources */,
				CE913F0F238317CC006A7DD9 /* LoginView.swift in Sources */,
				CE913F3223832A81006A7DD9 /* SignUpView.swift in Sources */,
				2FAE2A5F239976E800071AF0 /* ItemMapView.swift in Sources */,
				CE400E97237DD43D0060FC64 /* AppDelegate.swift in Sources */,
				CE913F30238329BF006A7DD9 /* FirebaseSession.swift in Sources */,
				CE913F0A238316B1006A7DD9 /* HomeView.swift in Sources */,
				2FAE2A612399772500071AF0 /* ItemImageView.swift in Sources */,
				CE913F1C238318ED006A7DD9 /* ListViewMap.swift in Sources */,
				CE913F2623831CA3006A7DD9 /* Location.swift in Sources */,
				CE400E99237DD43D0060FC64 /* SceneDelegate.swift in Sources */,
				CE913F17238318A3006A7DD9 /* SettingsView.swift in Sources */,
				CE913F2423831C0E006A7DD9 /* List.swift in Sources */,
				CE913F0D238317C0006A7DD9 /* OnboardingView.swift in Sources */,
				CE913F1123831818006A7DD9 /* PermissionView.swift in Sources */,
				2FAE2A58239975B100071AF0 /* ItemContentView.swift in Sources */,
				CE400E9B237DD43D0060FC64 /* ContentView.swift in Sources */,
				CE913F1523831874006A7DD9 /* ListView.swift in Sources */,
			);
			runOnlyForDeploymentPostprocessing = 0;
		};
		CE400EA5237DD43F0060FC64 /* Sources */ = {
			isa = PBXSourcesBuildPhase;
			buildActionMask = 2147483647;
			files = (
				CE400EAE237DD43F0060FC64 /* SpotUpTests.swift in Sources */,
			);
			runOnlyForDeploymentPostprocessing = 0;
		};
		CE400EB0237DD43F0060FC64 /* Sources */ = {
			isa = PBXSourcesBuildPhase;
			buildActionMask = 2147483647;
			files = (
				CE400EB9237DD43F0060FC64 /* SpotUpUITests.swift in Sources */,
			);
			runOnlyForDeploymentPostprocessing = 0;
		};
/* End PBXSourcesBuildPhase section */

/* Begin PBXTargetDependency section */
		CE400EAB237DD43F0060FC64 /* PBXTargetDependency */ = {
			isa = PBXTargetDependency;
			target = CE400E92237DD43D0060FC64 /* SpotUp */;
			targetProxy = CE400EAA237DD43F0060FC64 /* PBXContainerItemProxy */;
		};
		CE400EB6237DD43F0060FC64 /* PBXTargetDependency */ = {
			isa = PBXTargetDependency;
			target = CE400E92237DD43D0060FC64 /* SpotUp */;
			targetProxy = CE400EB5237DD43F0060FC64 /* PBXContainerItemProxy */;
		};
/* End PBXTargetDependency section */

/* Begin PBXVariantGroup section */
		CE400EA1237DD43F0060FC64 /* LaunchScreen.storyboard */ = {
			isa = PBXVariantGroup;
			children = (
				CE400EA2237DD43F0060FC64 /* Base */,
			);
			name = LaunchScreen.storyboard;
			sourceTree = "<group>";
		};
/* End PBXVariantGroup section */

/* Begin XCBuildConfiguration section */
		CE400EBB237DD43F0060FC64 /* Debug */ = {
			isa = XCBuildConfiguration;
			buildSettings = {
				ALWAYS_SEARCH_USER_PATHS = NO;
				CLANG_ANALYZER_NONNULL = YES;
				CLANG_ANALYZER_NUMBER_OBJECT_CONVERSION = YES_AGGRESSIVE;
				CLANG_CXX_LANGUAGE_STANDARD = "gnu++14";
				CLANG_CXX_LIBRARY = "libc++";
				CLANG_ENABLE_MODULES = YES;
				CLANG_ENABLE_OBJC_ARC = YES;
				CLANG_ENABLE_OBJC_WEAK = YES;
				CLANG_WARN_BLOCK_CAPTURE_AUTORELEASING = YES;
				CLANG_WARN_BOOL_CONVERSION = YES;
				CLANG_WARN_COMMA = YES;
				CLANG_WARN_CONSTANT_CONVERSION = YES;
				CLANG_WARN_DEPRECATED_OBJC_IMPLEMENTATIONS = YES;
				CLANG_WARN_DIRECT_OBJC_ISA_USAGE = YES_ERROR;
				CLANG_WARN_DOCUMENTATION_COMMENTS = YES;
				CLANG_WARN_EMPTY_BODY = YES;
				CLANG_WARN_ENUM_CONVERSION = YES;
				CLANG_WARN_INFINITE_RECURSION = YES;
				CLANG_WARN_INT_CONVERSION = YES;
				CLANG_WARN_NON_LITERAL_NULL_CONVERSION = YES;
				CLANG_WARN_OBJC_IMPLICIT_RETAIN_SELF = YES;
				CLANG_WARN_OBJC_LITERAL_CONVERSION = YES;
				CLANG_WARN_OBJC_ROOT_CLASS = YES_ERROR;
				CLANG_WARN_RANGE_LOOP_ANALYSIS = YES;
				CLANG_WARN_STRICT_PROTOTYPES = YES;
				CLANG_WARN_SUSPICIOUS_MOVE = YES;
				CLANG_WARN_UNGUARDED_AVAILABILITY = YES_AGGRESSIVE;
				CLANG_WARN_UNREACHABLE_CODE = YES;
				CLANG_WARN__DUPLICATE_METHOD_MATCH = YES;
				COPY_PHASE_STRIP = NO;
				DEBUG_INFORMATION_FORMAT = dwarf;
				ENABLE_STRICT_OBJC_MSGSEND = YES;
				ENABLE_TESTABILITY = YES;
				GCC_C_LANGUAGE_STANDARD = gnu11;
				GCC_DYNAMIC_NO_PIC = NO;
				GCC_NO_COMMON_BLOCKS = YES;
				GCC_OPTIMIZATION_LEVEL = 0;
				GCC_PREPROCESSOR_DEFINITIONS = (
					"DEBUG=1",
					"$(inherited)",
				);
				GCC_WARN_64_TO_32_BIT_CONVERSION = YES;
				GCC_WARN_ABOUT_RETURN_TYPE = YES_ERROR;
				GCC_WARN_UNDECLARED_SELECTOR = YES;
				GCC_WARN_UNINITIALIZED_AUTOS = YES_AGGRESSIVE;
				GCC_WARN_UNUSED_FUNCTION = YES;
				GCC_WARN_UNUSED_VARIABLE = YES;
				IPHONEOS_DEPLOYMENT_TARGET = 13.2;
				MTL_ENABLE_DEBUG_INFO = INCLUDE_SOURCE;
				MTL_FAST_MATH = YES;
				ONLY_ACTIVE_ARCH = YES;
				SDKROOT = iphoneos;
				SWIFT_ACTIVE_COMPILATION_CONDITIONS = DEBUG;
				SWIFT_OPTIMIZATION_LEVEL = "-Onone";
			};
			name = Debug;
		};
		CE400EBC237DD43F0060FC64 /* Release */ = {
			isa = XCBuildConfiguration;
			buildSettings = {
				ALWAYS_SEARCH_USER_PATHS = NO;
				CLANG_ANALYZER_NONNULL = YES;
				CLANG_ANALYZER_NUMBER_OBJECT_CONVERSION = YES_AGGRESSIVE;
				CLANG_CXX_LANGUAGE_STANDARD = "gnu++14";
				CLANG_CXX_LIBRARY = "libc++";
				CLANG_ENABLE_MODULES = YES;
				CLANG_ENABLE_OBJC_ARC = YES;
				CLANG_ENABLE_OBJC_WEAK = YES;
				CLANG_WARN_BLOCK_CAPTURE_AUTORELEASING = YES;
				CLANG_WARN_BOOL_CONVERSION = YES;
				CLANG_WARN_COMMA = YES;
				CLANG_WARN_CONSTANT_CONVERSION = YES;
				CLANG_WARN_DEPRECATED_OBJC_IMPLEMENTATIONS = YES;
				CLANG_WARN_DIRECT_OBJC_ISA_USAGE = YES_ERROR;
				CLANG_WARN_DOCUMENTATION_COMMENTS = YES;
				CLANG_WARN_EMPTY_BODY = YES;
				CLANG_WARN_ENUM_CONVERSION = YES;
				CLANG_WARN_INFINITE_RECURSION = YES;
				CLANG_WARN_INT_CONVERSION = YES;
				CLANG_WARN_NON_LITERAL_NULL_CONVERSION = YES;
				CLANG_WARN_OBJC_IMPLICIT_RETAIN_SELF = YES;
				CLANG_WARN_OBJC_LITERAL_CONVERSION = YES;
				CLANG_WARN_OBJC_ROOT_CLASS = YES_ERROR;
				CLANG_WARN_RANGE_LOOP_ANALYSIS = YES;
				CLANG_WARN_STRICT_PROTOTYPES = YES;
				CLANG_WARN_SUSPICIOUS_MOVE = YES;
				CLANG_WARN_UNGUARDED_AVAILABILITY = YES_AGGRESSIVE;
				CLANG_WARN_UNREACHABLE_CODE = YES;
				CLANG_WARN__DUPLICATE_METHOD_MATCH = YES;
				COPY_PHASE_STRIP = NO;
				DEBUG_INFORMATION_FORMAT = "dwarf-with-dsym";
				ENABLE_NS_ASSERTIONS = NO;
				ENABLE_STRICT_OBJC_MSGSEND = YES;
				GCC_C_LANGUAGE_STANDARD = gnu11;
				GCC_NO_COMMON_BLOCKS = YES;
				GCC_WARN_64_TO_32_BIT_CONVERSION = YES;
				GCC_WARN_ABOUT_RETURN_TYPE = YES_ERROR;
				GCC_WARN_UNDECLARED_SELECTOR = YES;
				GCC_WARN_UNINITIALIZED_AUTOS = YES_AGGRESSIVE;
				GCC_WARN_UNUSED_FUNCTION = YES;
				GCC_WARN_UNUSED_VARIABLE = YES;
				IPHONEOS_DEPLOYMENT_TARGET = 13.2;
				MTL_ENABLE_DEBUG_INFO = NO;
				MTL_FAST_MATH = YES;
				SDKROOT = iphoneos;
				SWIFT_COMPILATION_MODE = wholemodule;
				SWIFT_OPTIMIZATION_LEVEL = "-O";
				VALIDATE_PRODUCT = YES;
			};
			name = Release;
		};
		CE400EBE237DD43F0060FC64 /* Debug */ = {
			isa = XCBuildConfiguration;
			baseConfigurationReference = E40815AE1673B70F472ABE6C /* Pods-SpotUp.debug.xcconfig */;
			buildSettings = {
				ASSETCATALOG_COMPILER_APPICON_NAME = AppIcon;
				CODE_SIGN_STYLE = Automatic;
				DEVELOPMENT_ASSET_PATHS = "\"SpotUp/Preview Content\"";
				DEVELOPMENT_TEAM = VSZKG79JS5;
				ENABLE_PREVIEWS = YES;
				INFOPLIST_FILE = SpotUp/Info.plist;
				LD_RUNPATH_SEARCH_PATHS = (
					"$(inherited)",
					"@executable_path/Frameworks",
				);
				PRODUCT_BUNDLE_IDENTIFIER = com.ios.1920.group7.SpotUp.Timo;
				PRODUCT_NAME = "$(TARGET_NAME)";
				SWIFT_VERSION = 5.0;
				TARGETED_DEVICE_FAMILY = "1,2";
			};
			name = Debug;
		};
		CE400EBF237DD43F0060FC64 /* Release */ = {
			isa = XCBuildConfiguration;
			baseConfigurationReference = CD0AE2A362C5CB01AF782DA6 /* Pods-SpotUp.release.xcconfig */;
			buildSettings = {
				ASSETCATALOG_COMPILER_APPICON_NAME = AppIcon;
				CODE_SIGN_STYLE = Automatic;
				DEVELOPMENT_ASSET_PATHS = "\"SpotUp/Preview Content\"";
				DEVELOPMENT_TEAM = VSZKG79JS5;
				ENABLE_PREVIEWS = YES;
				INFOPLIST_FILE = SpotUp/Info.plist;
				LD_RUNPATH_SEARCH_PATHS = (
					"$(inherited)",
					"@executable_path/Frameworks",
				);
				PRODUCT_BUNDLE_IDENTIFIER = com.ios.1920.group7.SpotUp.Timo;
				PRODUCT_NAME = "$(TARGET_NAME)";
				SWIFT_VERSION = 5.0;
				TARGETED_DEVICE_FAMILY = "1,2";
			};
			name = Release;
		};
		CE400EC1237DD43F0060FC64 /* Debug */ = {
			isa = XCBuildConfiguration;
			baseConfigurationReference = E2EB91161FA9E2FBE4407F14 /* Pods-SpotUpTests.debug.xcconfig */;
			buildSettings = {
				ALWAYS_EMBED_SWIFT_STANDARD_LIBRARIES = YES;
				BUNDLE_LOADER = "$(TEST_HOST)";
				CODE_SIGN_STYLE = Automatic;
				INFOPLIST_FILE = SpotUpTests/Info.plist;
				IPHONEOS_DEPLOYMENT_TARGET = 13.2;
				LD_RUNPATH_SEARCH_PATHS = (
					"$(inherited)",
					"@executable_path/Frameworks",
					"@loader_path/Frameworks",
				);
				PRODUCT_BUNDLE_IDENTIFIER = com.ios.1920.group7.SpotUpTests;
				PRODUCT_NAME = "$(TARGET_NAME)";
				SWIFT_VERSION = 5.0;
				TARGETED_DEVICE_FAMILY = "1,2";
				TEST_HOST = "$(BUILT_PRODUCTS_DIR)/SpotUp.app/SpotUp";
			};
			name = Debug;
		};
		CE400EC2237DD43F0060FC64 /* Release */ = {
			isa = XCBuildConfiguration;
			baseConfigurationReference = F0EC4440FA077934C4F81AF9 /* Pods-SpotUpTests.release.xcconfig */;
			buildSettings = {
				ALWAYS_EMBED_SWIFT_STANDARD_LIBRARIES = YES;
				BUNDLE_LOADER = "$(TEST_HOST)";
				CODE_SIGN_STYLE = Automatic;
				INFOPLIST_FILE = SpotUpTests/Info.plist;
				IPHONEOS_DEPLOYMENT_TARGET = 13.2;
				LD_RUNPATH_SEARCH_PATHS = (
					"$(inherited)",
					"@executable_path/Frameworks",
					"@loader_path/Frameworks",
				);
				PRODUCT_BUNDLE_IDENTIFIER = com.ios.1920.group7.SpotUpTests;
				PRODUCT_NAME = "$(TARGET_NAME)";
				SWIFT_VERSION = 5.0;
				TARGETED_DEVICE_FAMILY = "1,2";
				TEST_HOST = "$(BUILT_PRODUCTS_DIR)/SpotUp.app/SpotUp";
			};
			name = Release;
		};
		CE400EC4237DD43F0060FC64 /* Debug */ = {
			isa = XCBuildConfiguration;
			baseConfigurationReference = 7A2A741F8BF1983EB3199716 /* Pods-SpotUp-SpotUpUITests.debug.xcconfig */;
			buildSettings = {
				ALWAYS_EMBED_SWIFT_STANDARD_LIBRARIES = YES;
				CODE_SIGN_STYLE = Automatic;
				INFOPLIST_FILE = SpotUpUITests/Info.plist;
				LD_RUNPATH_SEARCH_PATHS = (
					"$(inherited)",
					"@executable_path/Frameworks",
					"@loader_path/Frameworks",
				);
				PRODUCT_BUNDLE_IDENTIFIER = com.ios.1920.group7.SpotUpUITests;
				PRODUCT_NAME = "$(TARGET_NAME)";
				SWIFT_VERSION = 5.0;
				TARGETED_DEVICE_FAMILY = "1,2";
				TEST_TARGET_NAME = SpotUp;
			};
			name = Debug;
		};
		CE400EC5237DD43F0060FC64 /* Release */ = {
			isa = XCBuildConfiguration;
			baseConfigurationReference = 02B8561D328E370249010CCD /* Pods-SpotUp-SpotUpUITests.release.xcconfig */;
			buildSettings = {
				ALWAYS_EMBED_SWIFT_STANDARD_LIBRARIES = YES;
				CODE_SIGN_STYLE = Automatic;
				INFOPLIST_FILE = SpotUpUITests/Info.plist;
				LD_RUNPATH_SEARCH_PATHS = (
					"$(inherited)",
					"@executable_path/Frameworks",
					"@loader_path/Frameworks",
				);
				PRODUCT_BUNDLE_IDENTIFIER = com.ios.1920.group7.SpotUpUITests;
				PRODUCT_NAME = "$(TARGET_NAME)";
				SWIFT_VERSION = 5.0;
				TARGETED_DEVICE_FAMILY = "1,2";
				TEST_TARGET_NAME = SpotUp;
			};
			name = Release;
		};
/* End XCBuildConfiguration section */

/* Begin XCConfigurationList section */
		CE400E8E237DD43D0060FC64 /* Build configuration list for PBXProject "SpotUp" */ = {
			isa = XCConfigurationList;
			buildConfigurations = (
				CE400EBB237DD43F0060FC64 /* Debug */,
				CE400EBC237DD43F0060FC64 /* Release */,
			);
			defaultConfigurationIsVisible = 0;
			defaultConfigurationName = Release;
		};
		CE400EBD237DD43F0060FC64 /* Build configuration list for PBXNativeTarget "SpotUp" */ = {
			isa = XCConfigurationList;
			buildConfigurations = (
				CE400EBE237DD43F0060FC64 /* Debug */,
				CE400EBF237DD43F0060FC64 /* Release */,
			);
			defaultConfigurationIsVisible = 0;
			defaultConfigurationName = Release;
		};
		CE400EC0237DD43F0060FC64 /* Build configuration list for PBXNativeTarget "SpotUpTests" */ = {
			isa = XCConfigurationList;
			buildConfigurations = (
				CE400EC1237DD43F0060FC64 /* Debug */,
				CE400EC2237DD43F0060FC64 /* Release */,
			);
			defaultConfigurationIsVisible = 0;
			defaultConfigurationName = Release;
		};
		CE400EC3237DD43F0060FC64 /* Build configuration list for PBXNativeTarget "SpotUpUITests" */ = {
			isa = XCConfigurationList;
			buildConfigurations = (
				CE400EC4237DD43F0060FC64 /* Debug */,
				CE400EC5237DD43F0060FC64 /* Release */,
			);
			defaultConfigurationIsVisible = 0;
			defaultConfigurationName = Release;
		};
/* End XCConfigurationList section */
	};
	rootObject = CE400E8B237DD43D0060FC64 /* Project object */;
}
